
Microsoft Visual Studio Solution File, Format Version 12.00
# Visual Studio Version 17
VisualStudioVersion = 17.8.34309.116
MinimumVisualStudioVersion = 10.0.40219.1
Project("{2150E333-8FDC-42A3-9474-1A3956D46DE8}") = "src", "src", "{6C51248E-B266-416C-AAE8-451B9A1D3A09}"
EndProject
Project("{2150E333-8FDC-42A3-9474-1A3956D46DE8}") = "tests", "tests", "{B714E587-5852-4BA2-81E9-946611BA1858}"
EndProject
Project("{2150E333-8FDC-42A3-9474-1A3956D46DE8}") = "ApiGateway", "ApiGateway", "{936F3696-7420-427C-8468-D98BD665F826}"
EndProject
Project("{2150E333-8FDC-42A3-9474-1A3956D46DE8}") = "Clients", "Clients", "{A9360F4E-71CA-4AF2-BF3C-CD01AEDDCC0E}"
EndProject
Project("{2150E333-8FDC-42A3-9474-1A3956D46DE8}") = "Services", "Services", "{D8DBA8D6-5816-4397-986F-7CFDA4E34379}"
EndProject
Project("{9A19103F-16F7-4668-BE54-9A1E7A4F7556}") = "Web.ApiGateway", "src\ApiGateway\Web.ApiGateway\Web.ApiGateway.csproj", "{83CA90C9-822B-4814-ACA5-37AC641034D1}"
EndProject
Project("{2150E333-8FDC-42A3-9474-1A3956D46DE8}") = "Docker", "Docker", "{0FD81355-77C9-463B-AC9F-A724FF81993D}"
EndProject
Project("{2150E333-8FDC-42A3-9474-1A3956D46DE8}") = "Config", "Config", "{87C1EAA3-AF62-4F2E-B0E8-275345A1FFAB}"
	ProjectSection(SolutionItems) = preProject
		Docker\Config\prometheus.yml = Docker\Config\prometheus.yml
	EndProjectSection
EndProject
Project("{2150E333-8FDC-42A3-9474-1A3956D46DE8}") = "MetricData", "MetricData", "{12D04F3C-CF32-4154-9C9B-92078EA9C146}"
EndProject
Project("{E53339B2-1760-4266-BCC7-CA923CBCF16C}") = "docker-compose", "docker-compose.dcproj", "{A4F9067C-342D-489C-B008-B49B7E6F9FFB}"
EndProject
Project("{2150E333-8FDC-42A3-9474-1A3956D46DE8}") = "AdminIdentityServices", "AdminIdentityServices", "{DCFAF1D3-AE2A-4501-81C6-E877A80BDE16}"
EndProject
Project("{9A19103F-16F7-4668-BE54-9A1E7A4F7556}") = "AdminIdentityService", "src\Services\AdminIdentityServices\AdminIdentityService\AdminIdentityService.csproj", "{90C9DBC7-B891-4AEB-B14D-E8B09F07134E}"
EndProject
Project("{9A19103F-16F7-4668-BE54-9A1E7A4F7556}") = "AdminIdentityService.Application", "src\Services\AdminIdentityServices\AdminIdentityService.Application\AdminIdentityService.Application.csproj", "{5D89E6E2-D399-4DD1-A8FF-CA24C057C320}"
EndProject
Project("{9A19103F-16F7-4668-BE54-9A1E7A4F7556}") = "AdminIdentityService.Domain", "src\Services\AdminIdentityServices\AdminIdentityService.Domain\AdminIdentityService.Domain.csproj", "{786F3AD0-42D5-46E3-92DD-0C0369461D64}"
EndProject
Project("{9A19103F-16F7-4668-BE54-9A1E7A4F7556}") = "AdminIdentityService.Insfrastructure", "src\Services\AdminIdentityServices\AdminIdentityService.Insfrastructure\AdminIdentityService.Insfrastructure.csproj", "{918C720A-4A81-43FC-9C63-1731C3ABABBF}"
EndProject
Project("{9A19103F-16F7-4668-BE54-9A1E7A4F7556}") = "AdminIdentityService.Persistence", "src\Services\AdminIdentityServices\AdminIdentityService.Persistence\AdminIdentityService.Persistence.csproj", "{F4111513-0825-4EFE-AD38-4656FD0E29D8}"
EndProject
Project("{2150E333-8FDC-42A3-9474-1A3956D46DE8}") = "BasketServices", "BasketServices", "{7138AC3C-5A0B-4133-8BE9-1CB1AB6643DE}"
EndProject
Project("{2150E333-8FDC-42A3-9474-1A3956D46DE8}") = "ProductServices", "ProductServices", "{1B0B9A4D-A841-419B-A522-894C4D1818A4}"
EndProject
Project("{2150E333-8FDC-42A3-9474-1A3956D46DE8}") = "CatalogServices", "CatalogServices", "{881F72A4-D899-4CCF-B025-E4AC844BB025}"
EndProject
Project("{2150E333-8FDC-42A3-9474-1A3956D46DE8}") = "SearchBarServices", "SearchBarServices", "{B1B3FD0D-29AC-4713-A8EE-4954DC348456}"
EndProject
Project("{2150E333-8FDC-42A3-9474-1A3956D46DE8}") = "OrderServices", "OrderServices", "{9F4777EE-D82E-469F-B00D-03BC908511D7}"
EndProject
Project("{2150E333-8FDC-42A3-9474-1A3956D46DE8}") = "NotificationServices", "NotificationServices", "{DECBAA01-6FF8-48F4-AEA4-A174C879753E}"
EndProject
Project("{2150E333-8FDC-42A3-9474-1A3956D46DE8}") = "CustomerServices", "CustomerServices", "{273F2FC1-0FFC-420C-8960-4D26BAA0B9A5}"
EndProject
Project("{2150E333-8FDC-42A3-9474-1A3956D46DE8}") = "PaymentServices", "PaymentServices", "{12309A1D-1CB2-44F4-BBF8-6439DAA1723E}"
EndProject
Project("{2150E333-8FDC-42A3-9474-1A3956D46DE8}") = "ShippingServices", "ShippingServices", "{A6EC3D2C-69D6-457B-B4F7-0FA1FB7E9675}"
EndProject
Project("{9A19103F-16F7-4668-BE54-9A1E7A4F7556}") = "BasketService.Api", "src\Services\BasketServices\BasketService\BasketService.Api\BasketService.Api.csproj", "{884B4DB8-CDBE-4B40-86B4-3FE6CBC243DD}"
EndProject
Project("{9A19103F-16F7-4668-BE54-9A1E7A4F7556}") = "BasketService.Application", "src\Services\BasketServices\BasketService\BasketService.Application\BasketService.Application.csproj", "{7E663B16-EB45-4407-BE0D-53C6508895E2}"
EndProject
Project("{9A19103F-16F7-4668-BE54-9A1E7A4F7556}") = "BasketService.Domain", "src\Services\BasketServices\BasketService\BasketService.Domain\BasketService.Domain.csproj", "{EF87A4C7-14A8-4051-98DD-F216012EA0DE}"
EndProject
Project("{9A19103F-16F7-4668-BE54-9A1E7A4F7556}") = "BasketService.Insfrastructure", "src\Services\BasketServices\BasketService\BasketService.Insfrastructure\BasketService.Insfrastructure.csproj", "{9ADCA9AD-6BFA-4AF9-A0FD-E11B7AFEBA5F}"
EndProject
Project("{9A19103F-16F7-4668-BE54-9A1E7A4F7556}") = "BasketService.Persistence", "src\Services\BasketServices\BasketService\BasketService.Persistence\BasketService.Persistence.csproj", "{AC3648F2-2A13-4637-ADF8-13BE6A1AB4CA}"
EndProject
Project("{9A19103F-16F7-4668-BE54-9A1E7A4F7556}") = "BasketService.Test", "src\Services\BasketServices\BasketService\BasketService.Test\BasketService.Test.csproj", "{8CDAA021-0B65-47DA-B5CE-0873265839AD}"
EndProject
Project("{9A19103F-16F7-4668-BE54-9A1E7A4F7556}") = "CatalogService.Api", "src\Services\CatalogServices\CatalogService\CatalogService.Api\CatalogService.Api.csproj", "{FAE86B7A-4F5D-418D-8358-9ED9D20D1164}"
EndProject
Project("{9A19103F-16F7-4668-BE54-9A1E7A4F7556}") = "CatalogService.Application", "src\Services\CatalogServices\CatalogService\CatalogService.Application\CatalogService.Application.csproj", "{D47CDBE8-254D-463F-AA92-C05B4AC0CA3F}"
EndProject
Project("{9A19103F-16F7-4668-BE54-9A1E7A4F7556}") = "CatalogService.Domain", "src\Services\CatalogServices\CatalogService\CatalogService.Domain\CatalogService.Domain.csproj", "{CFE50CCE-5790-4970-AF0B-67FDABABC487}"
EndProject
Project("{9A19103F-16F7-4668-BE54-9A1E7A4F7556}") = "CatalogService.Insfrastructure", "src\Services\CatalogServices\CatalogService\CatalogService.Insfrastructure\CatalogService.Insfrastructure.csproj", "{2453856C-BE93-42C0-BC61-297402DE757B}"
EndProject
Project("{9A19103F-16F7-4668-BE54-9A1E7A4F7556}") = "CatalogService.Persistence", "src\Services\CatalogServices\CatalogService\CatalogService.Persistence\CatalogService.Persistence.csproj", "{3C5187E3-75A4-4946-A694-69025ED98AB8}"
EndProject
Project("{9A19103F-16F7-4668-BE54-9A1E7A4F7556}") = "CatalogService.Test", "src\Services\CatalogServices\CatalogService\CatalogService.Test\CatalogService.Test.csproj", "{ED23F082-B3EA-4423-85F9-9C3B87CEE051}"
EndProject
Project("{9A19103F-16F7-4668-BE54-9A1E7A4F7556}") = "CustomerService.Api", "src\Services\CustomerServices\CustomerService\CustomerService.Api\CustomerService.Api.csproj", "{743D93EF-EAA3-4993-B847-16DD5B7755A6}"
EndProject
Project("{9A19103F-16F7-4668-BE54-9A1E7A4F7556}") = "CustomerService.Application", "src\Services\CustomerServices\CustomerService\CustomerService.Application\CustomerService.Application.csproj", "{2032EE29-645D-4BB8-A20F-88FF0FDD317E}"
EndProject
Project("{9A19103F-16F7-4668-BE54-9A1E7A4F7556}") = "CustomerService.Domain", "src\Services\CustomerServices\CustomerService\CustomerService.Domain\CustomerService.Domain.csproj", "{37D1E6B4-ACB0-4183-91E6-60A700F42545}"
EndProject
Project("{9A19103F-16F7-4668-BE54-9A1E7A4F7556}") = "CustomerService.Insfrastructure", "src\Services\CustomerServices\CustomerService\CustomerService.Insfrastructure\CustomerService.Insfrastructure.csproj", "{9F605070-CE45-48B0-99E2-49F7CD556831}"
EndProject
Project("{9A19103F-16F7-4668-BE54-9A1E7A4F7556}") = "CustomerService.Persistence", "src\Services\CustomerServices\CustomerService\CustomerService.Persistence\CustomerService.Persistence.csproj", "{672B458B-1731-42A9-B37E-E8AEEE3D4B06}"
EndProject
Project("{9A19103F-16F7-4668-BE54-9A1E7A4F7556}") = "CustomerService.Test", "src\Services\CustomerServices\CustomerService\CustomerService.Test\CustomerService.Test.csproj", "{670269A2-CC81-47F9-AB2F-0AD72F973AC1}"
EndProject
Project("{9A19103F-16F7-4668-BE54-9A1E7A4F7556}") = "NotificationService.Api", "src\Services\NotificationServices\NotificationService\NotificationService.Api\NotificationService.Api.csproj", "{06D15B6E-F6A4-4144-B66F-668E1FBD80A2}"
EndProject
Project("{9A19103F-16F7-4668-BE54-9A1E7A4F7556}") = "NotificationService.Application", "src\Services\NotificationServices\NotificationService\NotificationService.Application\NotificationService.Application.csproj", "{6336EDCC-73AC-4367-B495-E9A32084D4DB}"
EndProject
Project("{9A19103F-16F7-4668-BE54-9A1E7A4F7556}") = "NotificationService.Domain", "src\Services\NotificationServices\NotificationService\NotificationService.Domain\NotificationService.Domain.csproj", "{78179104-3A1D-4A1C-AF90-A3F4457A5FD5}"
EndProject
Project("{9A19103F-16F7-4668-BE54-9A1E7A4F7556}") = "NotificationService.Insfrastructure", "src\Services\NotificationServices\NotificationService\NotificationService.Insfrastructure\NotificationService.Insfrastructure.csproj", "{D816E695-0B7C-4803-8974-338AD17475F7}"
EndProject
Project("{9A19103F-16F7-4668-BE54-9A1E7A4F7556}") = "NotificationService.Persistence", "src\Services\NotificationServices\NotificationService\NotificationService.Persistence\NotificationService.Persistence.csproj", "{AA2E1A71-B362-4949-AB27-E82A3328B780}"
EndProject
Project("{9A19103F-16F7-4668-BE54-9A1E7A4F7556}") = "NotificationService.Test", "src\Services\NotificationServices\NotificationService\NotificationService.Test\NotificationService.Test.csproj", "{5A601092-55CD-4B15-880B-1DD8BAD74BAA}"
EndProject
Project("{9A19103F-16F7-4668-BE54-9A1E7A4F7556}") = "OrderService.Api", "src\Services\OrderServices\OrderService\OrderService.Api\OrderService.Api.csproj", "{285AC2DF-EDC3-4593-B961-45FE5095567E}"
EndProject
Project("{9A19103F-16F7-4668-BE54-9A1E7A4F7556}") = "OrderService.Application", "src\Services\OrderServices\OrderService\OrderService.Application\OrderService.Application.csproj", "{B0B8F6D7-9DE8-4731-BBEE-97EBB912A7B7}"
EndProject
Project("{9A19103F-16F7-4668-BE54-9A1E7A4F7556}") = "OrderService.Domain", "src\Services\OrderServices\OrderService\OrderService.Domain\OrderService.Domain.csproj", "{8146C08C-3402-47FE-B68B-EA37E5884340}"
EndProject
Project("{9A19103F-16F7-4668-BE54-9A1E7A4F7556}") = "OrderService.Insfrastructure", "src\Services\OrderServices\OrderService\OrderService.Insfrastructure\OrderService.Insfrastructure.csproj", "{999DD2F0-0D35-4CFD-A645-CC9D4FC00087}"
EndProject
Project("{9A19103F-16F7-4668-BE54-9A1E7A4F7556}") = "OrderService.Persistence", "src\Services\OrderServices\OrderService\OrderService.Persistence\OrderService.Persistence.csproj", "{CB60AC40-B9B7-44E0-9C0C-8C63205AC700}"
EndProject
Project("{9A19103F-16F7-4668-BE54-9A1E7A4F7556}") = "OrderService.Test", "src\Services\OrderServices\OrderService\OrderService.Test\OrderService.Test.csproj", "{47A75153-340E-4373-AB65-B3B08B440A85}"
EndProject
Project("{9A19103F-16F7-4668-BE54-9A1E7A4F7556}") = "PaymentService.Api", "src\Services\PaymentServices\PaymentService\PaymentService.Api\PaymentService.Api.csproj", "{5068DD59-7B36-41E6-9EA2-538239325772}"
EndProject
Project("{9A19103F-16F7-4668-BE54-9A1E7A4F7556}") = "PaymentService.Application", "src\Services\PaymentServices\PaymentService\PaymentService.Application\PaymentService.Application.csproj", "{142BDAC2-998A-4BE0-A4CD-2EC76636CE47}"
EndProject
Project("{9A19103F-16F7-4668-BE54-9A1E7A4F7556}") = "PaymentService.Domain", "src\Services\PaymentServices\PaymentService\PaymentService.Domain\PaymentService.Domain.csproj", "{34603DD8-3B4C-46A3-A394-43F86F5E817B}"
EndProject
Project("{9A19103F-16F7-4668-BE54-9A1E7A4F7556}") = "PaymentService.Insfrastructure", "src\Services\PaymentServices\PaymentService\PaymentService.Insfrastructure\PaymentService.Insfrastructure.csproj", "{44DF4FE1-72C7-4ABF-9633-E4E4A4EEFFE4}"
EndProject
Project("{9A19103F-16F7-4668-BE54-9A1E7A4F7556}") = "PaymentService.Persistence", "src\Services\PaymentServices\PaymentService\PaymentService.Persistence\PaymentService.Persistence.csproj", "{5EF68244-C71D-4D61-9D60-B4D574A7FE86}"
EndProject
Project("{9A19103F-16F7-4668-BE54-9A1E7A4F7556}") = "PaymentService.Test", "src\Services\PaymentServices\PaymentService\PaymentService.Test\PaymentService.Test.csproj", "{14144DF8-E070-4B94-B16B-5D5F94B3EA53}"
EndProject
Project("{9A19103F-16F7-4668-BE54-9A1E7A4F7556}") = "ProductService.Api", "src\Services\ProductServices\ProductService\ProductService.Api\ProductService.Api.csproj", "{D805CCFD-7CF0-4C9B-8DB6-6E5B0D9CBCE5}"
EndProject
Project("{9A19103F-16F7-4668-BE54-9A1E7A4F7556}") = "ProductService.Application", "src\Services\ProductServices\ProductService\ProductService.Application\ProductService.Application.csproj", "{1C6F37D1-2F47-49D6-A50D-A32026166102}"
EndProject
Project("{9A19103F-16F7-4668-BE54-9A1E7A4F7556}") = "ProductService.Domain", "src\Services\ProductServices\ProductService\ProductService.Domain\ProductService.Domain.csproj", "{B4AA303B-2E6D-4478-BBEA-04D258C55C70}"
EndProject
Project("{9A19103F-16F7-4668-BE54-9A1E7A4F7556}") = "ProductService.Insfrastructure", "src\Services\ProductServices\ProductService\ProductService.Insfrastructure\ProductService.Insfrastructure.csproj", "{617EA53E-916F-47C8-BEAF-7BB9D5EB2F5A}"
EndProject
Project("{9A19103F-16F7-4668-BE54-9A1E7A4F7556}") = "ProductService.Persistence", "src\Services\ProductServices\ProductService\ProductService.Persistence\ProductService.Persistence.csproj", "{B633DEE5-3355-4337-B3BF-D4403286C380}"
EndProject
Project("{9A19103F-16F7-4668-BE54-9A1E7A4F7556}") = "ProductService.Test", "src\Services\ProductServices\ProductService\ProductService.Test\ProductService.Test.csproj", "{CAE0FB98-4D8C-4EE3-B651-877127D9257E}"
EndProject
Project("{9A19103F-16F7-4668-BE54-9A1E7A4F7556}") = "SearchBarService.Api", "src\Services\SearchBarServices\SearchBarService\SearchBarService.Api\SearchBarService.Api.csproj", "{4387C3FD-9DE0-4505-8D52-17C0B2369AA2}"
EndProject
Project("{9A19103F-16F7-4668-BE54-9A1E7A4F7556}") = "SearchBarService.Application", "src\Services\SearchBarServices\SearchBarService\SearchBarService.Application\SearchBarService.Application.csproj", "{B3CB2C38-A672-4BB1-8152-40BFBCE79966}"
EndProject
Project("{9A19103F-16F7-4668-BE54-9A1E7A4F7556}") = "SearchBarService.Domain", "src\Services\SearchBarServices\SearchBarService\SearchBarService.Domain\SearchBarService.Domain.csproj", "{74620061-A072-46CE-B8C5-4E310BC7BC90}"
EndProject
Project("{9A19103F-16F7-4668-BE54-9A1E7A4F7556}") = "SearchBarService.Insfrastructure", "src\Services\SearchBarServices\SearchBarService\SearchBarService.Insfrastructure\SearchBarService.Insfrastructure.csproj", "{F7496C60-3EEA-4D7E-911C-CF6FAA4A72CA}"
EndProject
Project("{9A19103F-16F7-4668-BE54-9A1E7A4F7556}") = "SearchBarService.Persistence", "src\Services\SearchBarServices\SearchBarService\SearchBarService.Persistence\SearchBarService.Persistence.csproj", "{FBC29272-478D-40A7-94E6-F1D0F40E4091}"
EndProject
Project("{9A19103F-16F7-4668-BE54-9A1E7A4F7556}") = "SearchBarService.Test", "src\Services\SearchBarServices\SearchBarService\SearchBarService.Test\SearchBarService.Test.csproj", "{C2E22E3B-4767-4C12-8D71-F464F883A16D}"
EndProject
Project("{9A19103F-16F7-4668-BE54-9A1E7A4F7556}") = "ShippingService.Api", "src\Services\ShippingServices\ShippingService\ShippingService.Api\ShippingService.Api.csproj", "{8025C356-4032-4807-B247-BA683FCEA74B}"
EndProject
Project("{9A19103F-16F7-4668-BE54-9A1E7A4F7556}") = "ShippingService.Application", "src\Services\ShippingServices\ShippingService\ShippingService.Application\ShippingService.Application.csproj", "{15AC12B7-3081-4376-AA33-D4E6E29FCC0E}"
EndProject
Project("{9A19103F-16F7-4668-BE54-9A1E7A4F7556}") = "ShippingService.Domain", "src\Services\ShippingServices\ShippingService\ShippingService.Domain\ShippingService.Domain.csproj", "{F18B929B-13E1-427C-B14E-AC1B8303EC22}"
EndProject
Project("{9A19103F-16F7-4668-BE54-9A1E7A4F7556}") = "ShippingService.Insfrastructure", "src\Services\ShippingServices\ShippingService\ShippingService.Insfrastructure\ShippingService.Insfrastructure.csproj", "{7311FDB0-4004-470B-A361-F6724F6CA072}"
EndProject
Project("{9A19103F-16F7-4668-BE54-9A1E7A4F7556}") = "ShippingService.Persistence", "src\Services\ShippingServices\ShippingService\ShippingService.Persistence\ShippingService.Persistence.csproj", "{26A53D3D-4911-4B42-BFEC-7C31A2144448}"
EndProject
Project("{9A19103F-16F7-4668-BE54-9A1E7A4F7556}") = "ShippingService.Test", "src\Services\ShippingServices\ShippingService\ShippingService.Test\ShippingService.Test.csproj", "{4FE1290B-D883-4434-88D5-9636A9A5C4D6}"
EndProject
Project("{2150E333-8FDC-42A3-9474-1A3956D46DE8}") = "Web", "Web", "{8D79CD82-1A0B-4B87-962E-453D96436C22}"
EndProject
Project("{2150E333-8FDC-42A3-9474-1A3956D46DE8}") = "Mobil", "Mobil", "{D9BC7BC4-F3D2-41E6-B0D0-AFCD5A0E8543}"
EndProject
Global
	GlobalSection(SolutionConfigurationPlatforms) = preSolution
		Debug|Any CPU = Debug|Any CPU
		Debug|arm64 = Debug|arm64
		Debug|x86 = Debug|x86
		Release|Any CPU = Release|Any CPU
		Release|arm64 = Release|arm64
		Release|x86 = Release|x86
	EndGlobalSection
	GlobalSection(ProjectConfigurationPlatforms) = postSolution
		{83CA90C9-822B-4814-ACA5-37AC641034D1}.Debug|Any CPU.ActiveCfg = Debug|Any CPU
		{83CA90C9-822B-4814-ACA5-37AC641034D1}.Debug|Any CPU.Build.0 = Debug|Any CPU
		{83CA90C9-822B-4814-ACA5-37AC641034D1}.Debug|arm64.ActiveCfg = Debug|Any CPU
		{83CA90C9-822B-4814-ACA5-37AC641034D1}.Debug|arm64.Build.0 = Debug|Any CPU
		{83CA90C9-822B-4814-ACA5-37AC641034D1}.Debug|x86.ActiveCfg = Debug|Any CPU
		{83CA90C9-822B-4814-ACA5-37AC641034D1}.Debug|x86.Build.0 = Debug|Any CPU
		{83CA90C9-822B-4814-ACA5-37AC641034D1}.Release|Any CPU.ActiveCfg = Release|Any CPU
		{83CA90C9-822B-4814-ACA5-37AC641034D1}.Release|Any CPU.Build.0 = Release|Any CPU
		{83CA90C9-822B-4814-ACA5-37AC641034D1}.Release|arm64.ActiveCfg = Release|Any CPU
		{83CA90C9-822B-4814-ACA5-37AC641034D1}.Release|arm64.Build.0 = Release|Any CPU
		{83CA90C9-822B-4814-ACA5-37AC641034D1}.Release|x86.ActiveCfg = Release|Any CPU
		{83CA90C9-822B-4814-ACA5-37AC641034D1}.Release|x86.Build.0 = Release|Any CPU
		{A4F9067C-342D-489C-B008-B49B7E6F9FFB}.Debug|Any CPU.ActiveCfg = Debug|Any CPU
		{A4F9067C-342D-489C-B008-B49B7E6F9FFB}.Debug|Any CPU.Build.0 = Debug|Any CPU
		{A4F9067C-342D-489C-B008-B49B7E6F9FFB}.Debug|arm64.ActiveCfg = Debug|Any CPU
		{A4F9067C-342D-489C-B008-B49B7E6F9FFB}.Debug|arm64.Build.0 = Debug|Any CPU
		{A4F9067C-342D-489C-B008-B49B7E6F9FFB}.Debug|x86.ActiveCfg = Debug|Any CPU
		{A4F9067C-342D-489C-B008-B49B7E6F9FFB}.Debug|x86.Build.0 = Debug|Any CPU
		{A4F9067C-342D-489C-B008-B49B7E6F9FFB}.Release|Any CPU.ActiveCfg = Release|Any CPU
		{A4F9067C-342D-489C-B008-B49B7E6F9FFB}.Release|Any CPU.Build.0 = Release|Any CPU
		{A4F9067C-342D-489C-B008-B49B7E6F9FFB}.Release|arm64.ActiveCfg = Release|Any CPU
		{A4F9067C-342D-489C-B008-B49B7E6F9FFB}.Release|arm64.Build.0 = Release|Any CPU
		{A4F9067C-342D-489C-B008-B49B7E6F9FFB}.Release|x86.ActiveCfg = Release|Any CPU
		{A4F9067C-342D-489C-B008-B49B7E6F9FFB}.Release|x86.Build.0 = Release|Any CPU
		{90C9DBC7-B891-4AEB-B14D-E8B09F07134E}.Debug|Any CPU.ActiveCfg = Debug|Any CPU
		{90C9DBC7-B891-4AEB-B14D-E8B09F07134E}.Debug|Any CPU.Build.0 = Debug|Any CPU
		{90C9DBC7-B891-4AEB-B14D-E8B09F07134E}.Debug|arm64.ActiveCfg = Debug|Any CPU
		{90C9DBC7-B891-4AEB-B14D-E8B09F07134E}.Debug|arm64.Build.0 = Debug|Any CPU
		{90C9DBC7-B891-4AEB-B14D-E8B09F07134E}.Debug|x86.ActiveCfg = Debug|Any CPU
		{90C9DBC7-B891-4AEB-B14D-E8B09F07134E}.Debug|x86.Build.0 = Debug|Any CPU
		{90C9DBC7-B891-4AEB-B14D-E8B09F07134E}.Release|Any CPU.ActiveCfg = Release|Any CPU
		{90C9DBC7-B891-4AEB-B14D-E8B09F07134E}.Release|Any CPU.Build.0 = Release|Any CPU
		{90C9DBC7-B891-4AEB-B14D-E8B09F07134E}.Release|arm64.ActiveCfg = Release|Any CPU
		{90C9DBC7-B891-4AEB-B14D-E8B09F07134E}.Release|arm64.Build.0 = Release|Any CPU
		{90C9DBC7-B891-4AEB-B14D-E8B09F07134E}.Release|x86.ActiveCfg = Release|Any CPU
		{90C9DBC7-B891-4AEB-B14D-E8B09F07134E}.Release|x86.Build.0 = Release|Any CPU
		{5D89E6E2-D399-4DD1-A8FF-CA24C057C320}.Debug|Any CPU.ActiveCfg = Debug|Any CPU
		{5D89E6E2-D399-4DD1-A8FF-CA24C057C320}.Debug|Any CPU.Build.0 = Debug|Any CPU
		{5D89E6E2-D399-4DD1-A8FF-CA24C057C320}.Debug|arm64.ActiveCfg = Debug|Any CPU
		{5D89E6E2-D399-4DD1-A8FF-CA24C057C320}.Debug|arm64.Build.0 = Debug|Any CPU
		{5D89E6E2-D399-4DD1-A8FF-CA24C057C320}.Debug|x86.ActiveCfg = Debug|Any CPU
		{5D89E6E2-D399-4DD1-A8FF-CA24C057C320}.Debug|x86.Build.0 = Debug|Any CPU
		{5D89E6E2-D399-4DD1-A8FF-CA24C057C320}.Release|Any CPU.ActiveCfg = Release|Any CPU
		{5D89E6E2-D399-4DD1-A8FF-CA24C057C320}.Release|Any CPU.Build.0 = Release|Any CPU
		{5D89E6E2-D399-4DD1-A8FF-CA24C057C320}.Release|arm64.ActiveCfg = Release|Any CPU
		{5D89E6E2-D399-4DD1-A8FF-CA24C057C320}.Release|arm64.Build.0 = Release|Any CPU
		{5D89E6E2-D399-4DD1-A8FF-CA24C057C320}.Release|x86.ActiveCfg = Release|Any CPU
		{5D89E6E2-D399-4DD1-A8FF-CA24C057C320}.Release|x86.Build.0 = Release|Any CPU
		{786F3AD0-42D5-46E3-92DD-0C0369461D64}.Debug|Any CPU.ActiveCfg = Debug|Any CPU
		{786F3AD0-42D5-46E3-92DD-0C0369461D64}.Debug|Any CPU.Build.0 = Debug|Any CPU
		{786F3AD0-42D5-46E3-92DD-0C0369461D64}.Debug|arm64.ActiveCfg = Debug|Any CPU
		{786F3AD0-42D5-46E3-92DD-0C0369461D64}.Debug|arm64.Build.0 = Debug|Any CPU
		{786F3AD0-42D5-46E3-92DD-0C0369461D64}.Debug|x86.ActiveCfg = Debug|Any CPU
		{786F3AD0-42D5-46E3-92DD-0C0369461D64}.Debug|x86.Build.0 = Debug|Any CPU
		{786F3AD0-42D5-46E3-92DD-0C0369461D64}.Release|Any CPU.ActiveCfg = Release|Any CPU
		{786F3AD0-42D5-46E3-92DD-0C0369461D64}.Release|Any CPU.Build.0 = Release|Any CPU
		{786F3AD0-42D5-46E3-92DD-0C0369461D64}.Release|arm64.ActiveCfg = Release|Any CPU
		{786F3AD0-42D5-46E3-92DD-0C0369461D64}.Release|arm64.Build.0 = Release|Any CPU
		{786F3AD0-42D5-46E3-92DD-0C0369461D64}.Release|x86.ActiveCfg = Release|Any CPU
		{786F3AD0-42D5-46E3-92DD-0C0369461D64}.Release|x86.Build.0 = Release|Any CPU
		{918C720A-4A81-43FC-9C63-1731C3ABABBF}.Debug|Any CPU.ActiveCfg = Debug|Any CPU
		{918C720A-4A81-43FC-9C63-1731C3ABABBF}.Debug|Any CPU.Build.0 = Debug|Any CPU
		{918C720A-4A81-43FC-9C63-1731C3ABABBF}.Debug|arm64.ActiveCfg = Debug|Any CPU
		{918C720A-4A81-43FC-9C63-1731C3ABABBF}.Debug|arm64.Build.0 = Debug|Any CPU
		{918C720A-4A81-43FC-9C63-1731C3ABABBF}.Debug|x86.ActiveCfg = Debug|Any CPU
		{918C720A-4A81-43FC-9C63-1731C3ABABBF}.Debug|x86.Build.0 = Debug|Any CPU
		{918C720A-4A81-43FC-9C63-1731C3ABABBF}.Release|Any CPU.ActiveCfg = Release|Any CPU
		{918C720A-4A81-43FC-9C63-1731C3ABABBF}.Release|Any CPU.Build.0 = Release|Any CPU
		{918C720A-4A81-43FC-9C63-1731C3ABABBF}.Release|arm64.ActiveCfg = Release|Any CPU
		{918C720A-4A81-43FC-9C63-1731C3ABABBF}.Release|arm64.Build.0 = Release|Any CPU
		{918C720A-4A81-43FC-9C63-1731C3ABABBF}.Release|x86.ActiveCfg = Release|Any CPU
		{918C720A-4A81-43FC-9C63-1731C3ABABBF}.Release|x86.Build.0 = Release|Any CPU
		{F4111513-0825-4EFE-AD38-4656FD0E29D8}.Debug|Any CPU.ActiveCfg = Debug|Any CPU
		{F4111513-0825-4EFE-AD38-4656FD0E29D8}.Debug|Any CPU.Build.0 = Debug|Any CPU
		{F4111513-0825-4EFE-AD38-4656FD0E29D8}.Debug|arm64.ActiveCfg = Debug|Any CPU
		{F4111513-0825-4EFE-AD38-4656FD0E29D8}.Debug|arm64.Build.0 = Debug|Any CPU
		{F4111513-0825-4EFE-AD38-4656FD0E29D8}.Debug|x86.ActiveCfg = Debug|Any CPU
		{F4111513-0825-4EFE-AD38-4656FD0E29D8}.Debug|x86.Build.0 = Debug|Any CPU
		{F4111513-0825-4EFE-AD38-4656FD0E29D8}.Release|Any CPU.ActiveCfg = Release|Any CPU
		{F4111513-0825-4EFE-AD38-4656FD0E29D8}.Release|Any CPU.Build.0 = Release|Any CPU
		{F4111513-0825-4EFE-AD38-4656FD0E29D8}.Release|arm64.ActiveCfg = Release|Any CPU
		{F4111513-0825-4EFE-AD38-4656FD0E29D8}.Release|arm64.Build.0 = Release|Any CPU
		{F4111513-0825-4EFE-AD38-4656FD0E29D8}.Release|x86.ActiveCfg = Release|Any CPU
		{F4111513-0825-4EFE-AD38-4656FD0E29D8}.Release|x86.Build.0 = Release|Any CPU
		{884B4DB8-CDBE-4B40-86B4-3FE6CBC243DD}.Debug|Any CPU.ActiveCfg = Debug|Any CPU
		{884B4DB8-CDBE-4B40-86B4-3FE6CBC243DD}.Debug|Any CPU.Build.0 = Debug|Any CPU
		{884B4DB8-CDBE-4B40-86B4-3FE6CBC243DD}.Debug|arm64.ActiveCfg = Debug|Any CPU
		{884B4DB8-CDBE-4B40-86B4-3FE6CBC243DD}.Debug|arm64.Build.0 = Debug|Any CPU
		{884B4DB8-CDBE-4B40-86B4-3FE6CBC243DD}.Debug|x86.ActiveCfg = Debug|Any CPU
		{884B4DB8-CDBE-4B40-86B4-3FE6CBC243DD}.Debug|x86.Build.0 = Debug|Any CPU
		{884B4DB8-CDBE-4B40-86B4-3FE6CBC243DD}.Release|Any CPU.ActiveCfg = Release|Any CPU
		{884B4DB8-CDBE-4B40-86B4-3FE6CBC243DD}.Release|Any CPU.Build.0 = Release|Any CPU
		{884B4DB8-CDBE-4B40-86B4-3FE6CBC243DD}.Release|arm64.ActiveCfg = Release|Any CPU
		{884B4DB8-CDBE-4B40-86B4-3FE6CBC243DD}.Release|arm64.Build.0 = Release|Any CPU
		{884B4DB8-CDBE-4B40-86B4-3FE6CBC243DD}.Release|x86.ActiveCfg = Release|Any CPU
		{884B4DB8-CDBE-4B40-86B4-3FE6CBC243DD}.Release|x86.Build.0 = Release|Any CPU
		{7E663B16-EB45-4407-BE0D-53C6508895E2}.Debug|Any CPU.ActiveCfg = Debug|Any CPU
		{7E663B16-EB45-4407-BE0D-53C6508895E2}.Debug|Any CPU.Build.0 = Debug|Any CPU
		{7E663B16-EB45-4407-BE0D-53C6508895E2}.Debug|arm64.ActiveCfg = Debug|Any CPU
		{7E663B16-EB45-4407-BE0D-53C6508895E2}.Debug|arm64.Build.0 = Debug|Any CPU
		{7E663B16-EB45-4407-BE0D-53C6508895E2}.Debug|x86.ActiveCfg = Debug|Any CPU
		{7E663B16-EB45-4407-BE0D-53C6508895E2}.Debug|x86.Build.0 = Debug|Any CPU
		{7E663B16-EB45-4407-BE0D-53C6508895E2}.Release|Any CPU.ActiveCfg = Release|Any CPU
		{7E663B16-EB45-4407-BE0D-53C6508895E2}.Release|Any CPU.Build.0 = Release|Any CPU
		{7E663B16-EB45-4407-BE0D-53C6508895E2}.Release|arm64.ActiveCfg = Release|Any CPU
		{7E663B16-EB45-4407-BE0D-53C6508895E2}.Release|arm64.Build.0 = Release|Any CPU
		{7E663B16-EB45-4407-BE0D-53C6508895E2}.Release|x86.ActiveCfg = Release|Any CPU
		{7E663B16-EB45-4407-BE0D-53C6508895E2}.Release|x86.Build.0 = Release|Any CPU
		{EF87A4C7-14A8-4051-98DD-F216012EA0DE}.Debug|Any CPU.ActiveCfg = Debug|Any CPU
		{EF87A4C7-14A8-4051-98DD-F216012EA0DE}.Debug|Any CPU.Build.0 = Debug|Any CPU
		{EF87A4C7-14A8-4051-98DD-F216012EA0DE}.Debug|arm64.ActiveCfg = Debug|Any CPU
		{EF87A4C7-14A8-4051-98DD-F216012EA0DE}.Debug|arm64.Build.0 = Debug|Any CPU
		{EF87A4C7-14A8-4051-98DD-F216012EA0DE}.Debug|x86.ActiveCfg = Debug|Any CPU
		{EF87A4C7-14A8-4051-98DD-F216012EA0DE}.Debug|x86.Build.0 = Debug|Any CPU
		{EF87A4C7-14A8-4051-98DD-F216012EA0DE}.Release|Any CPU.ActiveCfg = Release|Any CPU
		{EF87A4C7-14A8-4051-98DD-F216012EA0DE}.Release|Any CPU.Build.0 = Release|Any CPU
		{EF87A4C7-14A8-4051-98DD-F216012EA0DE}.Release|arm64.ActiveCfg = Release|Any CPU
		{EF87A4C7-14A8-4051-98DD-F216012EA0DE}.Release|arm64.Build.0 = Release|Any CPU
		{EF87A4C7-14A8-4051-98DD-F216012EA0DE}.Release|x86.ActiveCfg = Release|Any CPU
		{EF87A4C7-14A8-4051-98DD-F216012EA0DE}.Release|x86.Build.0 = Release|Any CPU
		{9ADCA9AD-6BFA-4AF9-A0FD-E11B7AFEBA5F}.Debug|Any CPU.ActiveCfg = Debug|Any CPU
		{9ADCA9AD-6BFA-4AF9-A0FD-E11B7AFEBA5F}.Debug|Any CPU.Build.0 = Debug|Any CPU
		{9ADCA9AD-6BFA-4AF9-A0FD-E11B7AFEBA5F}.Debug|arm64.ActiveCfg = Debug|Any CPU
		{9ADCA9AD-6BFA-4AF9-A0FD-E11B7AFEBA5F}.Debug|arm64.Build.0 = Debug|Any CPU
		{9ADCA9AD-6BFA-4AF9-A0FD-E11B7AFEBA5F}.Debug|x86.ActiveCfg = Debug|Any CPU
		{9ADCA9AD-6BFA-4AF9-A0FD-E11B7AFEBA5F}.Debug|x86.Build.0 = Debug|Any CPU
		{9ADCA9AD-6BFA-4AF9-A0FD-E11B7AFEBA5F}.Release|Any CPU.ActiveCfg = Release|Any CPU
		{9ADCA9AD-6BFA-4AF9-A0FD-E11B7AFEBA5F}.Release|Any CPU.Build.0 = Release|Any CPU
		{9ADCA9AD-6BFA-4AF9-A0FD-E11B7AFEBA5F}.Release|arm64.ActiveCfg = Release|Any CPU
		{9ADCA9AD-6BFA-4AF9-A0FD-E11B7AFEBA5F}.Release|arm64.Build.0 = Release|Any CPU
		{9ADCA9AD-6BFA-4AF9-A0FD-E11B7AFEBA5F}.Release|x86.ActiveCfg = Release|Any CPU
		{9ADCA9AD-6BFA-4AF9-A0FD-E11B7AFEBA5F}.Release|x86.Build.0 = Release|Any CPU
		{AC3648F2-2A13-4637-ADF8-13BE6A1AB4CA}.Debug|Any CPU.ActiveCfg = Debug|Any CPU
		{AC3648F2-2A13-4637-ADF8-13BE6A1AB4CA}.Debug|Any CPU.Build.0 = Debug|Any CPU
		{AC3648F2-2A13-4637-ADF8-13BE6A1AB4CA}.Debug|arm64.ActiveCfg = Debug|Any CPU
		{AC3648F2-2A13-4637-ADF8-13BE6A1AB4CA}.Debug|arm64.Build.0 = Debug|Any CPU
		{AC3648F2-2A13-4637-ADF8-13BE6A1AB4CA}.Debug|x86.ActiveCfg = Debug|Any CPU
		{AC3648F2-2A13-4637-ADF8-13BE6A1AB4CA}.Debug|x86.Build.0 = Debug|Any CPU
		{AC3648F2-2A13-4637-ADF8-13BE6A1AB4CA}.Release|Any CPU.ActiveCfg = Release|Any CPU
		{AC3648F2-2A13-4637-ADF8-13BE6A1AB4CA}.Release|Any CPU.Build.0 = Release|Any CPU
		{AC3648F2-2A13-4637-ADF8-13BE6A1AB4CA}.Release|arm64.ActiveCfg = Release|Any CPU
		{AC3648F2-2A13-4637-ADF8-13BE6A1AB4CA}.Release|arm64.Build.0 = Release|Any CPU
		{AC3648F2-2A13-4637-ADF8-13BE6A1AB4CA}.Release|x86.ActiveCfg = Release|Any CPU
		{AC3648F2-2A13-4637-ADF8-13BE6A1AB4CA}.Release|x86.Build.0 = Release|Any CPU
		{8CDAA021-0B65-47DA-B5CE-0873265839AD}.Debug|Any CPU.ActiveCfg = Debug|Any CPU
		{8CDAA021-0B65-47DA-B5CE-0873265839AD}.Debug|Any CPU.Build.0 = Debug|Any CPU
		{8CDAA021-0B65-47DA-B5CE-0873265839AD}.Debug|arm64.ActiveCfg = Debug|Any CPU
		{8CDAA021-0B65-47DA-B5CE-0873265839AD}.Debug|arm64.Build.0 = Debug|Any CPU
		{8CDAA021-0B65-47DA-B5CE-0873265839AD}.Debug|x86.ActiveCfg = Debug|Any CPU
		{8CDAA021-0B65-47DA-B5CE-0873265839AD}.Debug|x86.Build.0 = Debug|Any CPU
		{8CDAA021-0B65-47DA-B5CE-0873265839AD}.Release|Any CPU.ActiveCfg = Release|Any CPU
		{8CDAA021-0B65-47DA-B5CE-0873265839AD}.Release|Any CPU.Build.0 = Release|Any CPU
		{8CDAA021-0B65-47DA-B5CE-0873265839AD}.Release|arm64.ActiveCfg = Release|Any CPU
		{8CDAA021-0B65-47DA-B5CE-0873265839AD}.Release|arm64.Build.0 = Release|Any CPU
		{8CDAA021-0B65-47DA-B5CE-0873265839AD}.Release|x86.ActiveCfg = Release|Any CPU
		{8CDAA021-0B65-47DA-B5CE-0873265839AD}.Release|x86.Build.0 = Release|Any CPU
		{FAE86B7A-4F5D-418D-8358-9ED9D20D1164}.Debug|Any CPU.ActiveCfg = Debug|Any CPU
		{FAE86B7A-4F5D-418D-8358-9ED9D20D1164}.Debug|Any CPU.Build.0 = Debug|Any CPU
		{FAE86B7A-4F5D-418D-8358-9ED9D20D1164}.Debug|arm64.ActiveCfg = Debug|Any CPU
		{FAE86B7A-4F5D-418D-8358-9ED9D20D1164}.Debug|arm64.Build.0 = Debug|Any CPU
		{FAE86B7A-4F5D-418D-8358-9ED9D20D1164}.Debug|x86.ActiveCfg = Debug|Any CPU
		{FAE86B7A-4F5D-418D-8358-9ED9D20D1164}.Debug|x86.Build.0 = Debug|Any CPU
		{FAE86B7A-4F5D-418D-8358-9ED9D20D1164}.Release|Any CPU.ActiveCfg = Release|Any CPU
		{FAE86B7A-4F5D-418D-8358-9ED9D20D1164}.Release|Any CPU.Build.0 = Release|Any CPU
		{FAE86B7A-4F5D-418D-8358-9ED9D20D1164}.Release|arm64.ActiveCfg = Release|Any CPU
		{FAE86B7A-4F5D-418D-8358-9ED9D20D1164}.Release|arm64.Build.0 = Release|Any CPU
		{FAE86B7A-4F5D-418D-8358-9ED9D20D1164}.Release|x86.ActiveCfg = Release|Any CPU
		{FAE86B7A-4F5D-418D-8358-9ED9D20D1164}.Release|x86.Build.0 = Release|Any CPU
		{D47CDBE8-254D-463F-AA92-C05B4AC0CA3F}.Debug|Any CPU.ActiveCfg = Debug|Any CPU
		{D47CDBE8-254D-463F-AA92-C05B4AC0CA3F}.Debug|Any CPU.Build.0 = Debug|Any CPU
		{D47CDBE8-254D-463F-AA92-C05B4AC0CA3F}.Debug|arm64.ActiveCfg = Debug|Any CPU
		{D47CDBE8-254D-463F-AA92-C05B4AC0CA3F}.Debug|arm64.Build.0 = Debug|Any CPU
		{D47CDBE8-254D-463F-AA92-C05B4AC0CA3F}.Debug|x86.ActiveCfg = Debug|Any CPU
		{D47CDBE8-254D-463F-AA92-C05B4AC0CA3F}.Debug|x86.Build.0 = Debug|Any CPU
		{D47CDBE8-254D-463F-AA92-C05B4AC0CA3F}.Release|Any CPU.ActiveCfg = Release|Any CPU
		{D47CDBE8-254D-463F-AA92-C05B4AC0CA3F}.Release|Any CPU.Build.0 = Release|Any CPU
		{D47CDBE8-254D-463F-AA92-C05B4AC0CA3F}.Release|arm64.ActiveCfg = Release|Any CPU
		{D47CDBE8-254D-463F-AA92-C05B4AC0CA3F}.Release|arm64.Build.0 = Release|Any CPU
		{D47CDBE8-254D-463F-AA92-C05B4AC0CA3F}.Release|x86.ActiveCfg = Release|Any CPU
		{D47CDBE8-254D-463F-AA92-C05B4AC0CA3F}.Release|x86.Build.0 = Release|Any CPU
		{CFE50CCE-5790-4970-AF0B-67FDABABC487}.Debug|Any CPU.ActiveCfg = Debug|Any CPU
		{CFE50CCE-5790-4970-AF0B-67FDABABC487}.Debug|Any CPU.Build.0 = Debug|Any CPU
		{CFE50CCE-5790-4970-AF0B-67FDABABC487}.Debug|arm64.ActiveCfg = Debug|Any CPU
		{CFE50CCE-5790-4970-AF0B-67FDABABC487}.Debug|arm64.Build.0 = Debug|Any CPU
		{CFE50CCE-5790-4970-AF0B-67FDABABC487}.Debug|x86.ActiveCfg = Debug|Any CPU
		{CFE50CCE-5790-4970-AF0B-67FDABABC487}.Debug|x86.Build.0 = Debug|Any CPU
		{CFE50CCE-5790-4970-AF0B-67FDABABC487}.Release|Any CPU.ActiveCfg = Release|Any CPU
		{CFE50CCE-5790-4970-AF0B-67FDABABC487}.Release|Any CPU.Build.0 = Release|Any CPU
		{CFE50CCE-5790-4970-AF0B-67FDABABC487}.Release|arm64.ActiveCfg = Release|Any CPU
		{CFE50CCE-5790-4970-AF0B-67FDABABC487}.Release|arm64.Build.0 = Release|Any CPU
		{CFE50CCE-5790-4970-AF0B-67FDABABC487}.Release|x86.ActiveCfg = Release|Any CPU
		{CFE50CCE-5790-4970-AF0B-67FDABABC487}.Release|x86.Build.0 = Release|Any CPU
		{2453856C-BE93-42C0-BC61-297402DE757B}.Debug|Any CPU.ActiveCfg = Debug|Any CPU
		{2453856C-BE93-42C0-BC61-297402DE757B}.Debug|Any CPU.Build.0 = Debug|Any CPU
		{2453856C-BE93-42C0-BC61-297402DE757B}.Debug|arm64.ActiveCfg = Debug|Any CPU
		{2453856C-BE93-42C0-BC61-297402DE757B}.Debug|arm64.Build.0 = Debug|Any CPU
		{2453856C-BE93-42C0-BC61-297402DE757B}.Debug|x86.ActiveCfg = Debug|Any CPU
		{2453856C-BE93-42C0-BC61-297402DE757B}.Debug|x86.Build.0 = Debug|Any CPU
		{2453856C-BE93-42C0-BC61-297402DE757B}.Release|Any CPU.ActiveCfg = Release|Any CPU
		{2453856C-BE93-42C0-BC61-297402DE757B}.Release|Any CPU.Build.0 = Release|Any CPU
		{2453856C-BE93-42C0-BC61-297402DE757B}.Release|arm64.ActiveCfg = Release|Any CPU
		{2453856C-BE93-42C0-BC61-297402DE757B}.Release|arm64.Build.0 = Release|Any CPU
		{2453856C-BE93-42C0-BC61-297402DE757B}.Release|x86.ActiveCfg = Release|Any CPU
		{2453856C-BE93-42C0-BC61-297402DE757B}.Release|x86.Build.0 = Release|Any CPU
		{3C5187E3-75A4-4946-A694-69025ED98AB8}.Debug|Any CPU.ActiveCfg = Debug|Any CPU
		{3C5187E3-75A4-4946-A694-69025ED98AB8}.Debug|Any CPU.Build.0 = Debug|Any CPU
		{3C5187E3-75A4-4946-A694-69025ED98AB8}.Debug|arm64.ActiveCfg = Debug|Any CPU
		{3C5187E3-75A4-4946-A694-69025ED98AB8}.Debug|arm64.Build.0 = Debug|Any CPU
		{3C5187E3-75A4-4946-A694-69025ED98AB8}.Debug|x86.ActiveCfg = Debug|Any CPU
		{3C5187E3-75A4-4946-A694-69025ED98AB8}.Debug|x86.Build.0 = Debug|Any CPU
		{3C5187E3-75A4-4946-A694-69025ED98AB8}.Release|Any CPU.ActiveCfg = Release|Any CPU
		{3C5187E3-75A4-4946-A694-69025ED98AB8}.Release|Any CPU.Build.0 = Release|Any CPU
		{3C5187E3-75A4-4946-A694-69025ED98AB8}.Release|arm64.ActiveCfg = Release|Any CPU
		{3C5187E3-75A4-4946-A694-69025ED98AB8}.Release|arm64.Build.0 = Release|Any CPU
		{3C5187E3-75A4-4946-A694-69025ED98AB8}.Release|x86.ActiveCfg = Release|Any CPU
		{3C5187E3-75A4-4946-A694-69025ED98AB8}.Release|x86.Build.0 = Release|Any CPU
		{ED23F082-B3EA-4423-85F9-9C3B87CEE051}.Debug|Any CPU.ActiveCfg = Debug|Any CPU
		{ED23F082-B3EA-4423-85F9-9C3B87CEE051}.Debug|Any CPU.Build.0 = Debug|Any CPU
		{ED23F082-B3EA-4423-85F9-9C3B87CEE051}.Debug|arm64.ActiveCfg = Debug|Any CPU
		{ED23F082-B3EA-4423-85F9-9C3B87CEE051}.Debug|arm64.Build.0 = Debug|Any CPU
		{ED23F082-B3EA-4423-85F9-9C3B87CEE051}.Debug|x86.ActiveCfg = Debug|Any CPU
		{ED23F082-B3EA-4423-85F9-9C3B87CEE051}.Debug|x86.Build.0 = Debug|Any CPU
		{ED23F082-B3EA-4423-85F9-9C3B87CEE051}.Release|Any CPU.ActiveCfg = Release|Any CPU
		{ED23F082-B3EA-4423-85F9-9C3B87CEE051}.Release|Any CPU.Build.0 = Release|Any CPU
		{ED23F082-B3EA-4423-85F9-9C3B87CEE051}.Release|arm64.ActiveCfg = Release|Any CPU
		{ED23F082-B3EA-4423-85F9-9C3B87CEE051}.Release|arm64.Build.0 = Release|Any CPU
		{ED23F082-B3EA-4423-85F9-9C3B87CEE051}.Release|x86.ActiveCfg = Release|Any CPU
		{ED23F082-B3EA-4423-85F9-9C3B87CEE051}.Release|x86.Build.0 = Release|Any CPU
		{743D93EF-EAA3-4993-B847-16DD5B7755A6}.Debug|Any CPU.ActiveCfg = Debug|Any CPU
		{743D93EF-EAA3-4993-B847-16DD5B7755A6}.Debug|Any CPU.Build.0 = Debug|Any CPU
		{743D93EF-EAA3-4993-B847-16DD5B7755A6}.Debug|arm64.ActiveCfg = Debug|Any CPU
		{743D93EF-EAA3-4993-B847-16DD5B7755A6}.Debug|arm64.Build.0 = Debug|Any CPU
		{743D93EF-EAA3-4993-B847-16DD5B7755A6}.Debug|x86.ActiveCfg = Debug|Any CPU
		{743D93EF-EAA3-4993-B847-16DD5B7755A6}.Debug|x86.Build.0 = Debug|Any CPU
		{743D93EF-EAA3-4993-B847-16DD5B7755A6}.Release|Any CPU.ActiveCfg = Release|Any CPU
		{743D93EF-EAA3-4993-B847-16DD5B7755A6}.Release|Any CPU.Build.0 = Release|Any CPU
		{743D93EF-EAA3-4993-B847-16DD5B7755A6}.Release|arm64.ActiveCfg = Release|Any CPU
		{743D93EF-EAA3-4993-B847-16DD5B7755A6}.Release|arm64.Build.0 = Release|Any CPU
		{743D93EF-EAA3-4993-B847-16DD5B7755A6}.Release|x86.ActiveCfg = Release|Any CPU
		{743D93EF-EAA3-4993-B847-16DD5B7755A6}.Release|x86.Build.0 = Release|Any CPU
		{2032EE29-645D-4BB8-A20F-88FF0FDD317E}.Debug|Any CPU.ActiveCfg = Debug|Any CPU
		{2032EE29-645D-4BB8-A20F-88FF0FDD317E}.Debug|Any CPU.Build.0 = Debug|Any CPU
		{2032EE29-645D-4BB8-A20F-88FF0FDD317E}.Debug|arm64.ActiveCfg = Debug|Any CPU
		{2032EE29-645D-4BB8-A20F-88FF0FDD317E}.Debug|arm64.Build.0 = Debug|Any CPU
		{2032EE29-645D-4BB8-A20F-88FF0FDD317E}.Debug|x86.ActiveCfg = Debug|Any CPU
		{2032EE29-645D-4BB8-A20F-88FF0FDD317E}.Debug|x86.Build.0 = Debug|Any CPU
		{2032EE29-645D-4BB8-A20F-88FF0FDD317E}.Release|Any CPU.ActiveCfg = Release|Any CPU
		{2032EE29-645D-4BB8-A20F-88FF0FDD317E}.Release|Any CPU.Build.0 = Release|Any CPU
		{2032EE29-645D-4BB8-A20F-88FF0FDD317E}.Release|arm64.ActiveCfg = Release|Any CPU
		{2032EE29-645D-4BB8-A20F-88FF0FDD317E}.Release|arm64.Build.0 = Release|Any CPU
		{2032EE29-645D-4BB8-A20F-88FF0FDD317E}.Release|x86.ActiveCfg = Release|Any CPU
		{2032EE29-645D-4BB8-A20F-88FF0FDD317E}.Release|x86.Build.0 = Release|Any CPU
		{37D1E6B4-ACB0-4183-91E6-60A700F42545}.Debug|Any CPU.ActiveCfg = Debug|Any CPU
		{37D1E6B4-ACB0-4183-91E6-60A700F42545}.Debug|Any CPU.Build.0 = Debug|Any CPU
		{37D1E6B4-ACB0-4183-91E6-60A700F42545}.Debug|arm64.ActiveCfg = Debug|Any CPU
		{37D1E6B4-ACB0-4183-91E6-60A700F42545}.Debug|arm64.Build.0 = Debug|Any CPU
		{37D1E6B4-ACB0-4183-91E6-60A700F42545}.Debug|x86.ActiveCfg = Debug|Any CPU
		{37D1E6B4-ACB0-4183-91E6-60A700F42545}.Debug|x86.Build.0 = Debug|Any CPU
		{37D1E6B4-ACB0-4183-91E6-60A700F42545}.Release|Any CPU.ActiveCfg = Release|Any CPU
		{37D1E6B4-ACB0-4183-91E6-60A700F42545}.Release|Any CPU.Build.0 = Release|Any CPU
		{37D1E6B4-ACB0-4183-91E6-60A700F42545}.Release|arm64.ActiveCfg = Release|Any CPU
		{37D1E6B4-ACB0-4183-91E6-60A700F42545}.Release|arm64.Build.0 = Release|Any CPU
		{37D1E6B4-ACB0-4183-91E6-60A700F42545}.Release|x86.ActiveCfg = Release|Any CPU
		{37D1E6B4-ACB0-4183-91E6-60A700F42545}.Release|x86.Build.0 = Release|Any CPU
		{9F605070-CE45-48B0-99E2-49F7CD556831}.Debug|Any CPU.ActiveCfg = Debug|Any CPU
		{9F605070-CE45-48B0-99E2-49F7CD556831}.Debug|Any CPU.Build.0 = Debug|Any CPU
		{9F605070-CE45-48B0-99E2-49F7CD556831}.Debug|arm64.ActiveCfg = Debug|Any CPU
		{9F605070-CE45-48B0-99E2-49F7CD556831}.Debug|arm64.Build.0 = Debug|Any CPU
		{9F605070-CE45-48B0-99E2-49F7CD556831}.Debug|x86.ActiveCfg = Debug|Any CPU
		{9F605070-CE45-48B0-99E2-49F7CD556831}.Debug|x86.Build.0 = Debug|Any CPU
		{9F605070-CE45-48B0-99E2-49F7CD556831}.Release|Any CPU.ActiveCfg = Release|Any CPU
		{9F605070-CE45-48B0-99E2-49F7CD556831}.Release|Any CPU.Build.0 = Release|Any CPU
		{9F605070-CE45-48B0-99E2-49F7CD556831}.Release|arm64.ActiveCfg = Release|Any CPU
		{9F605070-CE45-48B0-99E2-49F7CD556831}.Release|arm64.Build.0 = Release|Any CPU
		{9F605070-CE45-48B0-99E2-49F7CD556831}.Release|x86.ActiveCfg = Release|Any CPU
		{9F605070-CE45-48B0-99E2-49F7CD556831}.Release|x86.Build.0 = Release|Any CPU
		{672B458B-1731-42A9-B37E-E8AEEE3D4B06}.Debug|Any CPU.ActiveCfg = Debug|Any CPU
		{672B458B-1731-42A9-B37E-E8AEEE3D4B06}.Debug|Any CPU.Build.0 = Debug|Any CPU
		{672B458B-1731-42A9-B37E-E8AEEE3D4B06}.Debug|arm64.ActiveCfg = Debug|Any CPU
		{672B458B-1731-42A9-B37E-E8AEEE3D4B06}.Debug|arm64.Build.0 = Debug|Any CPU
		{672B458B-1731-42A9-B37E-E8AEEE3D4B06}.Debug|x86.ActiveCfg = Debug|Any CPU
		{672B458B-1731-42A9-B37E-E8AEEE3D4B06}.Debug|x86.Build.0 = Debug|Any CPU
		{672B458B-1731-42A9-B37E-E8AEEE3D4B06}.Release|Any CPU.ActiveCfg = Release|Any CPU
		{672B458B-1731-42A9-B37E-E8AEEE3D4B06}.Release|Any CPU.Build.0 = Release|Any CPU
		{672B458B-1731-42A9-B37E-E8AEEE3D4B06}.Release|arm64.ActiveCfg = Release|Any CPU
		{672B458B-1731-42A9-B37E-E8AEEE3D4B06}.Release|arm64.Build.0 = Release|Any CPU
		{672B458B-1731-42A9-B37E-E8AEEE3D4B06}.Release|x86.ActiveCfg = Release|Any CPU
		{672B458B-1731-42A9-B37E-E8AEEE3D4B06}.Release|x86.Build.0 = Release|Any CPU
		{670269A2-CC81-47F9-AB2F-0AD72F973AC1}.Debug|Any CPU.ActiveCfg = Debug|Any CPU
		{670269A2-CC81-47F9-AB2F-0AD72F973AC1}.Debug|Any CPU.Build.0 = Debug|Any CPU
		{670269A2-CC81-47F9-AB2F-0AD72F973AC1}.Debug|arm64.ActiveCfg = Debug|Any CPU
		{670269A2-CC81-47F9-AB2F-0AD72F973AC1}.Debug|arm64.Build.0 = Debug|Any CPU
		{670269A2-CC81-47F9-AB2F-0AD72F973AC1}.Debug|x86.ActiveCfg = Debug|Any CPU
		{670269A2-CC81-47F9-AB2F-0AD72F973AC1}.Debug|x86.Build.0 = Debug|Any CPU
		{670269A2-CC81-47F9-AB2F-0AD72F973AC1}.Release|Any CPU.ActiveCfg = Release|Any CPU
		{670269A2-CC81-47F9-AB2F-0AD72F973AC1}.Release|Any CPU.Build.0 = Release|Any CPU
		{670269A2-CC81-47F9-AB2F-0AD72F973AC1}.Release|arm64.ActiveCfg = Release|Any CPU
		{670269A2-CC81-47F9-AB2F-0AD72F973AC1}.Release|arm64.Build.0 = Release|Any CPU
		{670269A2-CC81-47F9-AB2F-0AD72F973AC1}.Release|x86.ActiveCfg = Release|Any CPU
		{670269A2-CC81-47F9-AB2F-0AD72F973AC1}.Release|x86.Build.0 = Release|Any CPU
		{06D15B6E-F6A4-4144-B66F-668E1FBD80A2}.Debug|Any CPU.ActiveCfg = Debug|Any CPU
		{06D15B6E-F6A4-4144-B66F-668E1FBD80A2}.Debug|Any CPU.Build.0 = Debug|Any CPU
		{06D15B6E-F6A4-4144-B66F-668E1FBD80A2}.Debug|arm64.ActiveCfg = Debug|Any CPU
		{06D15B6E-F6A4-4144-B66F-668E1FBD80A2}.Debug|arm64.Build.0 = Debug|Any CPU
		{06D15B6E-F6A4-4144-B66F-668E1FBD80A2}.Debug|x86.ActiveCfg = Debug|Any CPU
		{06D15B6E-F6A4-4144-B66F-668E1FBD80A2}.Debug|x86.Build.0 = Debug|Any CPU
		{06D15B6E-F6A4-4144-B66F-668E1FBD80A2}.Release|Any CPU.ActiveCfg = Release|Any CPU
		{06D15B6E-F6A4-4144-B66F-668E1FBD80A2}.Release|Any CPU.Build.0 = Release|Any CPU
		{06D15B6E-F6A4-4144-B66F-668E1FBD80A2}.Release|arm64.ActiveCfg = Release|Any CPU
		{06D15B6E-F6A4-4144-B66F-668E1FBD80A2}.Release|arm64.Build.0 = Release|Any CPU
		{06D15B6E-F6A4-4144-B66F-668E1FBD80A2}.Release|x86.ActiveCfg = Release|Any CPU
		{06D15B6E-F6A4-4144-B66F-668E1FBD80A2}.Release|x86.Build.0 = Release|Any CPU
		{6336EDCC-73AC-4367-B495-E9A32084D4DB}.Debug|Any CPU.ActiveCfg = Debug|Any CPU
		{6336EDCC-73AC-4367-B495-E9A32084D4DB}.Debug|Any CPU.Build.0 = Debug|Any CPU
		{6336EDCC-73AC-4367-B495-E9A32084D4DB}.Debug|arm64.ActiveCfg = Debug|Any CPU
		{6336EDCC-73AC-4367-B495-E9A32084D4DB}.Debug|arm64.Build.0 = Debug|Any CPU
		{6336EDCC-73AC-4367-B495-E9A32084D4DB}.Debug|x86.ActiveCfg = Debug|Any CPU
		{6336EDCC-73AC-4367-B495-E9A32084D4DB}.Debug|x86.Build.0 = Debug|Any CPU
		{6336EDCC-73AC-4367-B495-E9A32084D4DB}.Release|Any CPU.ActiveCfg = Release|Any CPU
		{6336EDCC-73AC-4367-B495-E9A32084D4DB}.Release|Any CPU.Build.0 = Release|Any CPU
		{6336EDCC-73AC-4367-B495-E9A32084D4DB}.Release|arm64.ActiveCfg = Release|Any CPU
		{6336EDCC-73AC-4367-B495-E9A32084D4DB}.Release|arm64.Build.0 = Release|Any CPU
		{6336EDCC-73AC-4367-B495-E9A32084D4DB}.Release|x86.ActiveCfg = Release|Any CPU
		{6336EDCC-73AC-4367-B495-E9A32084D4DB}.Release|x86.Build.0 = Release|Any CPU
		{78179104-3A1D-4A1C-AF90-A3F4457A5FD5}.Debug|Any CPU.ActiveCfg = Debug|Any CPU
		{78179104-3A1D-4A1C-AF90-A3F4457A5FD5}.Debug|Any CPU.Build.0 = Debug|Any CPU
		{78179104-3A1D-4A1C-AF90-A3F4457A5FD5}.Debug|arm64.ActiveCfg = Debug|Any CPU
		{78179104-3A1D-4A1C-AF90-A3F4457A5FD5}.Debug|arm64.Build.0 = Debug|Any CPU
		{78179104-3A1D-4A1C-AF90-A3F4457A5FD5}.Debug|x86.ActiveCfg = Debug|Any CPU
		{78179104-3A1D-4A1C-AF90-A3F4457A5FD5}.Debug|x86.Build.0 = Debug|Any CPU
		{78179104-3A1D-4A1C-AF90-A3F4457A5FD5}.Release|Any CPU.ActiveCfg = Release|Any CPU
		{78179104-3A1D-4A1C-AF90-A3F4457A5FD5}.Release|Any CPU.Build.0 = Release|Any CPU
		{78179104-3A1D-4A1C-AF90-A3F4457A5FD5}.Release|arm64.ActiveCfg = Release|Any CPU
		{78179104-3A1D-4A1C-AF90-A3F4457A5FD5}.Release|arm64.Build.0 = Release|Any CPU
		{78179104-3A1D-4A1C-AF90-A3F4457A5FD5}.Release|x86.ActiveCfg = Release|Any CPU
		{78179104-3A1D-4A1C-AF90-A3F4457A5FD5}.Release|x86.Build.0 = Release|Any CPU
		{D816E695-0B7C-4803-8974-338AD17475F7}.Debug|Any CPU.ActiveCfg = Debug|Any CPU
		{D816E695-0B7C-4803-8974-338AD17475F7}.Debug|Any CPU.Build.0 = Debug|Any CPU
		{D816E695-0B7C-4803-8974-338AD17475F7}.Debug|arm64.ActiveCfg = Debug|Any CPU
		{D816E695-0B7C-4803-8974-338AD17475F7}.Debug|arm64.Build.0 = Debug|Any CPU
		{D816E695-0B7C-4803-8974-338AD17475F7}.Debug|x86.ActiveCfg = Debug|Any CPU
		{D816E695-0B7C-4803-8974-338AD17475F7}.Debug|x86.Build.0 = Debug|Any CPU
		{D816E695-0B7C-4803-8974-338AD17475F7}.Release|Any CPU.ActiveCfg = Release|Any CPU
		{D816E695-0B7C-4803-8974-338AD17475F7}.Release|Any CPU.Build.0 = Release|Any CPU
		{D816E695-0B7C-4803-8974-338AD17475F7}.Release|arm64.ActiveCfg = Release|Any CPU
		{D816E695-0B7C-4803-8974-338AD17475F7}.Release|arm64.Build.0 = Release|Any CPU
		{D816E695-0B7C-4803-8974-338AD17475F7}.Release|x86.ActiveCfg = Release|Any CPU
		{D816E695-0B7C-4803-8974-338AD17475F7}.Release|x86.Build.0 = Release|Any CPU
		{AA2E1A71-B362-4949-AB27-E82A3328B780}.Debug|Any CPU.ActiveCfg = Debug|Any CPU
		{AA2E1A71-B362-4949-AB27-E82A3328B780}.Debug|Any CPU.Build.0 = Debug|Any CPU
		{AA2E1A71-B362-4949-AB27-E82A3328B780}.Debug|arm64.ActiveCfg = Debug|Any CPU
		{AA2E1A71-B362-4949-AB27-E82A3328B780}.Debug|arm64.Build.0 = Debug|Any CPU
		{AA2E1A71-B362-4949-AB27-E82A3328B780}.Debug|x86.ActiveCfg = Debug|Any CPU
		{AA2E1A71-B362-4949-AB27-E82A3328B780}.Debug|x86.Build.0 = Debug|Any CPU
		{AA2E1A71-B362-4949-AB27-E82A3328B780}.Release|Any CPU.ActiveCfg = Release|Any CPU
		{AA2E1A71-B362-4949-AB27-E82A3328B780}.Release|Any CPU.Build.0 = Release|Any CPU
		{AA2E1A71-B362-4949-AB27-E82A3328B780}.Release|arm64.ActiveCfg = Release|Any CPU
		{AA2E1A71-B362-4949-AB27-E82A3328B780}.Release|arm64.Build.0 = Release|Any CPU
		{AA2E1A71-B362-4949-AB27-E82A3328B780}.Release|x86.ActiveCfg = Release|Any CPU
		{AA2E1A71-B362-4949-AB27-E82A3328B780}.Release|x86.Build.0 = Release|Any CPU
		{5A601092-55CD-4B15-880B-1DD8BAD74BAA}.Debug|Any CPU.ActiveCfg = Debug|Any CPU
		{5A601092-55CD-4B15-880B-1DD8BAD74BAA}.Debug|Any CPU.Build.0 = Debug|Any CPU
		{5A601092-55CD-4B15-880B-1DD8BAD74BAA}.Debug|arm64.ActiveCfg = Debug|Any CPU
		{5A601092-55CD-4B15-880B-1DD8BAD74BAA}.Debug|arm64.Build.0 = Debug|Any CPU
		{5A601092-55CD-4B15-880B-1DD8BAD74BAA}.Debug|x86.ActiveCfg = Debug|Any CPU
		{5A601092-55CD-4B15-880B-1DD8BAD74BAA}.Debug|x86.Build.0 = Debug|Any CPU
		{5A601092-55CD-4B15-880B-1DD8BAD74BAA}.Release|Any CPU.ActiveCfg = Release|Any CPU
		{5A601092-55CD-4B15-880B-1DD8BAD74BAA}.Release|Any CPU.Build.0 = Release|Any CPU
		{5A601092-55CD-4B15-880B-1DD8BAD74BAA}.Release|arm64.ActiveCfg = Release|Any CPU
		{5A601092-55CD-4B15-880B-1DD8BAD74BAA}.Release|arm64.Build.0 = Release|Any CPU
		{5A601092-55CD-4B15-880B-1DD8BAD74BAA}.Release|x86.ActiveCfg = Release|Any CPU
		{5A601092-55CD-4B15-880B-1DD8BAD74BAA}.Release|x86.Build.0 = Release|Any CPU
		{285AC2DF-EDC3-4593-B961-45FE5095567E}.Debug|Any CPU.ActiveCfg = Debug|Any CPU
		{285AC2DF-EDC3-4593-B961-45FE5095567E}.Debug|Any CPU.Build.0 = Debug|Any CPU
		{285AC2DF-EDC3-4593-B961-45FE5095567E}.Debug|arm64.ActiveCfg = Debug|Any CPU
		{285AC2DF-EDC3-4593-B961-45FE5095567E}.Debug|arm64.Build.0 = Debug|Any CPU
		{285AC2DF-EDC3-4593-B961-45FE5095567E}.Debug|x86.ActiveCfg = Debug|Any CPU
		{285AC2DF-EDC3-4593-B961-45FE5095567E}.Debug|x86.Build.0 = Debug|Any CPU
		{285AC2DF-EDC3-4593-B961-45FE5095567E}.Release|Any CPU.ActiveCfg = Release|Any CPU
		{285AC2DF-EDC3-4593-B961-45FE5095567E}.Release|Any CPU.Build.0 = Release|Any CPU
		{285AC2DF-EDC3-4593-B961-45FE5095567E}.Release|arm64.ActiveCfg = Release|Any CPU
		{285AC2DF-EDC3-4593-B961-45FE5095567E}.Release|arm64.Build.0 = Release|Any CPU
		{285AC2DF-EDC3-4593-B961-45FE5095567E}.Release|x86.ActiveCfg = Release|Any CPU
		{285AC2DF-EDC3-4593-B961-45FE5095567E}.Release|x86.Build.0 = Release|Any CPU
		{B0B8F6D7-9DE8-4731-BBEE-97EBB912A7B7}.Debug|Any CPU.ActiveCfg = Debug|Any CPU
		{B0B8F6D7-9DE8-4731-BBEE-97EBB912A7B7}.Debug|Any CPU.Build.0 = Debug|Any CPU
		{B0B8F6D7-9DE8-4731-BBEE-97EBB912A7B7}.Debug|arm64.ActiveCfg = Debug|Any CPU
		{B0B8F6D7-9DE8-4731-BBEE-97EBB912A7B7}.Debug|arm64.Build.0 = Debug|Any CPU
		{B0B8F6D7-9DE8-4731-BBEE-97EBB912A7B7}.Debug|x86.ActiveCfg = Debug|Any CPU
		{B0B8F6D7-9DE8-4731-BBEE-97EBB912A7B7}.Debug|x86.Build.0 = Debug|Any CPU
		{B0B8F6D7-9DE8-4731-BBEE-97EBB912A7B7}.Release|Any CPU.ActiveCfg = Release|Any CPU
		{B0B8F6D7-9DE8-4731-BBEE-97EBB912A7B7}.Release|Any CPU.Build.0 = Release|Any CPU
		{B0B8F6D7-9DE8-4731-BBEE-97EBB912A7B7}.Release|arm64.ActiveCfg = Release|Any CPU
		{B0B8F6D7-9DE8-4731-BBEE-97EBB912A7B7}.Release|arm64.Build.0 = Release|Any CPU
		{B0B8F6D7-9DE8-4731-BBEE-97EBB912A7B7}.Release|x86.ActiveCfg = Release|Any CPU
		{B0B8F6D7-9DE8-4731-BBEE-97EBB912A7B7}.Release|x86.Build.0 = Release|Any CPU
		{8146C08C-3402-47FE-B68B-EA37E5884340}.Debug|Any CPU.ActiveCfg = Debug|Any CPU
		{8146C08C-3402-47FE-B68B-EA37E5884340}.Debug|Any CPU.Build.0 = Debug|Any CPU
		{8146C08C-3402-47FE-B68B-EA37E5884340}.Debug|arm64.ActiveCfg = Debug|Any CPU
		{8146C08C-3402-47FE-B68B-EA37E5884340}.Debug|arm64.Build.0 = Debug|Any CPU
		{8146C08C-3402-47FE-B68B-EA37E5884340}.Debug|x86.ActiveCfg = Debug|Any CPU
		{8146C08C-3402-47FE-B68B-EA37E5884340}.Debug|x86.Build.0 = Debug|Any CPU
		{8146C08C-3402-47FE-B68B-EA37E5884340}.Release|Any CPU.ActiveCfg = Release|Any CPU
		{8146C08C-3402-47FE-B68B-EA37E5884340}.Release|Any CPU.Build.0 = Release|Any CPU
		{8146C08C-3402-47FE-B68B-EA37E5884340}.Release|arm64.ActiveCfg = Release|Any CPU
		{8146C08C-3402-47FE-B68B-EA37E5884340}.Release|arm64.Build.0 = Release|Any CPU
		{8146C08C-3402-47FE-B68B-EA37E5884340}.Release|x86.ActiveCfg = Release|Any CPU
		{8146C08C-3402-47FE-B68B-EA37E5884340}.Release|x86.Build.0 = Release|Any CPU
		{999DD2F0-0D35-4CFD-A645-CC9D4FC00087}.Debug|Any CPU.ActiveCfg = Debug|Any CPU
		{999DD2F0-0D35-4CFD-A645-CC9D4FC00087}.Debug|Any CPU.Build.0 = Debug|Any CPU
		{999DD2F0-0D35-4CFD-A645-CC9D4FC00087}.Debug|arm64.ActiveCfg = Debug|Any CPU
		{999DD2F0-0D35-4CFD-A645-CC9D4FC00087}.Debug|arm64.Build.0 = Debug|Any CPU
		{999DD2F0-0D35-4CFD-A645-CC9D4FC00087}.Debug|x86.ActiveCfg = Debug|Any CPU
		{999DD2F0-0D35-4CFD-A645-CC9D4FC00087}.Debug|x86.Build.0 = Debug|Any CPU
		{999DD2F0-0D35-4CFD-A645-CC9D4FC00087}.Release|Any CPU.ActiveCfg = Release|Any CPU
		{999DD2F0-0D35-4CFD-A645-CC9D4FC00087}.Release|Any CPU.Build.0 = Release|Any CPU
		{999DD2F0-0D35-4CFD-A645-CC9D4FC00087}.Release|arm64.ActiveCfg = Release|Any CPU
		{999DD2F0-0D35-4CFD-A645-CC9D4FC00087}.Release|arm64.Build.0 = Release|Any CPU
		{999DD2F0-0D35-4CFD-A645-CC9D4FC00087}.Release|x86.ActiveCfg = Release|Any CPU
		{999DD2F0-0D35-4CFD-A645-CC9D4FC00087}.Release|x86.Build.0 = Release|Any CPU
		{CB60AC40-B9B7-44E0-9C0C-8C63205AC700}.Debug|Any CPU.ActiveCfg = Debug|Any CPU
		{CB60AC40-B9B7-44E0-9C0C-8C63205AC700}.Debug|Any CPU.Build.0 = Debug|Any CPU
		{CB60AC40-B9B7-44E0-9C0C-8C63205AC700}.Debug|arm64.ActiveCfg = Debug|Any CPU
		{CB60AC40-B9B7-44E0-9C0C-8C63205AC700}.Debug|arm64.Build.0 = Debug|Any CPU
		{CB60AC40-B9B7-44E0-9C0C-8C63205AC700}.Debug|x86.ActiveCfg = Debug|Any CPU
		{CB60AC40-B9B7-44E0-9C0C-8C63205AC700}.Debug|x86.Build.0 = Debug|Any CPU
		{CB60AC40-B9B7-44E0-9C0C-8C63205AC700}.Release|Any CPU.ActiveCfg = Release|Any CPU
		{CB60AC40-B9B7-44E0-9C0C-8C63205AC700}.Release|Any CPU.Build.0 = Release|Any CPU
		{CB60AC40-B9B7-44E0-9C0C-8C63205AC700}.Release|arm64.ActiveCfg = Release|Any CPU
		{CB60AC40-B9B7-44E0-9C0C-8C63205AC700}.Release|arm64.Build.0 = Release|Any CPU
		{CB60AC40-B9B7-44E0-9C0C-8C63205AC700}.Release|x86.ActiveCfg = Release|Any CPU
		{CB60AC40-B9B7-44E0-9C0C-8C63205AC700}.Release|x86.Build.0 = Release|Any CPU
		{47A75153-340E-4373-AB65-B3B08B440A85}.Debug|Any CPU.ActiveCfg = Debug|Any CPU
		{47A75153-340E-4373-AB65-B3B08B440A85}.Debug|Any CPU.Build.0 = Debug|Any CPU
		{47A75153-340E-4373-AB65-B3B08B440A85}.Debug|arm64.ActiveCfg = Debug|Any CPU
		{47A75153-340E-4373-AB65-B3B08B440A85}.Debug|arm64.Build.0 = Debug|Any CPU
		{47A75153-340E-4373-AB65-B3B08B440A85}.Debug|x86.ActiveCfg = Debug|Any CPU
		{47A75153-340E-4373-AB65-B3B08B440A85}.Debug|x86.Build.0 = Debug|Any CPU
		{47A75153-340E-4373-AB65-B3B08B440A85}.Release|Any CPU.ActiveCfg = Release|Any CPU
		{47A75153-340E-4373-AB65-B3B08B440A85}.Release|Any CPU.Build.0 = Release|Any CPU
		{47A75153-340E-4373-AB65-B3B08B440A85}.Release|arm64.ActiveCfg = Release|Any CPU
		{47A75153-340E-4373-AB65-B3B08B440A85}.Release|arm64.Build.0 = Release|Any CPU
		{47A75153-340E-4373-AB65-B3B08B440A85}.Release|x86.ActiveCfg = Release|Any CPU
		{47A75153-340E-4373-AB65-B3B08B440A85}.Release|x86.Build.0 = Release|Any CPU
		{5068DD59-7B36-41E6-9EA2-538239325772}.Debug|Any CPU.ActiveCfg = Debug|Any CPU
		{5068DD59-7B36-41E6-9EA2-538239325772}.Debug|Any CPU.Build.0 = Debug|Any CPU
		{5068DD59-7B36-41E6-9EA2-538239325772}.Debug|arm64.ActiveCfg = Debug|Any CPU
		{5068DD59-7B36-41E6-9EA2-538239325772}.Debug|arm64.Build.0 = Debug|Any CPU
		{5068DD59-7B36-41E6-9EA2-538239325772}.Debug|x86.ActiveCfg = Debug|Any CPU
		{5068DD59-7B36-41E6-9EA2-538239325772}.Debug|x86.Build.0 = Debug|Any CPU
		{5068DD59-7B36-41E6-9EA2-538239325772}.Release|Any CPU.ActiveCfg = Release|Any CPU
		{5068DD59-7B36-41E6-9EA2-538239325772}.Release|Any CPU.Build.0 = Release|Any CPU
		{5068DD59-7B36-41E6-9EA2-538239325772}.Release|arm64.ActiveCfg = Release|Any CPU
		{5068DD59-7B36-41E6-9EA2-538239325772}.Release|arm64.Build.0 = Release|Any CPU
		{5068DD59-7B36-41E6-9EA2-538239325772}.Release|x86.ActiveCfg = Release|Any CPU
		{5068DD59-7B36-41E6-9EA2-538239325772}.Release|x86.Build.0 = Release|Any CPU
		{142BDAC2-998A-4BE0-A4CD-2EC76636CE47}.Debug|Any CPU.ActiveCfg = Debug|Any CPU
		{142BDAC2-998A-4BE0-A4CD-2EC76636CE47}.Debug|Any CPU.Build.0 = Debug|Any CPU
		{142BDAC2-998A-4BE0-A4CD-2EC76636CE47}.Debug|arm64.ActiveCfg = Debug|Any CPU
		{142BDAC2-998A-4BE0-A4CD-2EC76636CE47}.Debug|arm64.Build.0 = Debug|Any CPU
		{142BDAC2-998A-4BE0-A4CD-2EC76636CE47}.Debug|x86.ActiveCfg = Debug|Any CPU
		{142BDAC2-998A-4BE0-A4CD-2EC76636CE47}.Debug|x86.Build.0 = Debug|Any CPU
		{142BDAC2-998A-4BE0-A4CD-2EC76636CE47}.Release|Any CPU.ActiveCfg = Release|Any CPU
		{142BDAC2-998A-4BE0-A4CD-2EC76636CE47}.Release|Any CPU.Build.0 = Release|Any CPU
		{142BDAC2-998A-4BE0-A4CD-2EC76636CE47}.Release|arm64.ActiveCfg = Release|Any CPU
		{142BDAC2-998A-4BE0-A4CD-2EC76636CE47}.Release|arm64.Build.0 = Release|Any CPU
		{142BDAC2-998A-4BE0-A4CD-2EC76636CE47}.Release|x86.ActiveCfg = Release|Any CPU
		{142BDAC2-998A-4BE0-A4CD-2EC76636CE47}.Release|x86.Build.0 = Release|Any CPU
		{34603DD8-3B4C-46A3-A394-43F86F5E817B}.Debug|Any CPU.ActiveCfg = Debug|Any CPU
		{34603DD8-3B4C-46A3-A394-43F86F5E817B}.Debug|Any CPU.Build.0 = Debug|Any CPU
		{34603DD8-3B4C-46A3-A394-43F86F5E817B}.Debug|arm64.ActiveCfg = Debug|Any CPU
		{34603DD8-3B4C-46A3-A394-43F86F5E817B}.Debug|arm64.Build.0 = Debug|Any CPU
		{34603DD8-3B4C-46A3-A394-43F86F5E817B}.Debug|x86.ActiveCfg = Debug|Any CPU
		{34603DD8-3B4C-46A3-A394-43F86F5E817B}.Debug|x86.Build.0 = Debug|Any CPU
		{34603DD8-3B4C-46A3-A394-43F86F5E817B}.Release|Any CPU.ActiveCfg = Release|Any CPU
		{34603DD8-3B4C-46A3-A394-43F86F5E817B}.Release|Any CPU.Build.0 = Release|Any CPU
		{34603DD8-3B4C-46A3-A394-43F86F5E817B}.Release|arm64.ActiveCfg = Release|Any CPU
		{34603DD8-3B4C-46A3-A394-43F86F5E817B}.Release|arm64.Build.0 = Release|Any CPU
		{34603DD8-3B4C-46A3-A394-43F86F5E817B}.Release|x86.ActiveCfg = Release|Any CPU
		{34603DD8-3B4C-46A3-A394-43F86F5E817B}.Release|x86.Build.0 = Release|Any CPU
		{44DF4FE1-72C7-4ABF-9633-E4E4A4EEFFE4}.Debug|Any CPU.ActiveCfg = Debug|Any CPU
		{44DF4FE1-72C7-4ABF-9633-E4E4A4EEFFE4}.Debug|Any CPU.Build.0 = Debug|Any CPU
		{44DF4FE1-72C7-4ABF-9633-E4E4A4EEFFE4}.Debug|arm64.ActiveCfg = Debug|Any CPU
		{44DF4FE1-72C7-4ABF-9633-E4E4A4EEFFE4}.Debug|arm64.Build.0 = Debug|Any CPU
		{44DF4FE1-72C7-4ABF-9633-E4E4A4EEFFE4}.Debug|x86.ActiveCfg = Debug|Any CPU
		{44DF4FE1-72C7-4ABF-9633-E4E4A4EEFFE4}.Debug|x86.Build.0 = Debug|Any CPU
		{44DF4FE1-72C7-4ABF-9633-E4E4A4EEFFE4}.Release|Any CPU.ActiveCfg = Release|Any CPU
		{44DF4FE1-72C7-4ABF-9633-E4E4A4EEFFE4}.Release|Any CPU.Build.0 = Release|Any CPU
		{44DF4FE1-72C7-4ABF-9633-E4E4A4EEFFE4}.Release|arm64.ActiveCfg = Release|Any CPU
		{44DF4FE1-72C7-4ABF-9633-E4E4A4EEFFE4}.Release|arm64.Build.0 = Release|Any CPU
		{44DF4FE1-72C7-4ABF-9633-E4E4A4EEFFE4}.Release|x86.ActiveCfg = Release|Any CPU
		{44DF4FE1-72C7-4ABF-9633-E4E4A4EEFFE4}.Release|x86.Build.0 = Release|Any CPU
		{5EF68244-C71D-4D61-9D60-B4D574A7FE86}.Debug|Any CPU.ActiveCfg = Debug|Any CPU
		{5EF68244-C71D-4D61-9D60-B4D574A7FE86}.Debug|Any CPU.Build.0 = Debug|Any CPU
		{5EF68244-C71D-4D61-9D60-B4D574A7FE86}.Debug|arm64.ActiveCfg = Debug|Any CPU
		{5EF68244-C71D-4D61-9D60-B4D574A7FE86}.Debug|arm64.Build.0 = Debug|Any CPU
		{5EF68244-C71D-4D61-9D60-B4D574A7FE86}.Debug|x86.ActiveCfg = Debug|Any CPU
		{5EF68244-C71D-4D61-9D60-B4D574A7FE86}.Debug|x86.Build.0 = Debug|Any CPU
		{5EF68244-C71D-4D61-9D60-B4D574A7FE86}.Release|Any CPU.ActiveCfg = Release|Any CPU
		{5EF68244-C71D-4D61-9D60-B4D574A7FE86}.Release|Any CPU.Build.0 = Release|Any CPU
		{5EF68244-C71D-4D61-9D60-B4D574A7FE86}.Release|arm64.ActiveCfg = Release|Any CPU
		{5EF68244-C71D-4D61-9D60-B4D574A7FE86}.Release|arm64.Build.0 = Release|Any CPU
		{5EF68244-C71D-4D61-9D60-B4D574A7FE86}.Release|x86.ActiveCfg = Release|Any CPU
		{5EF68244-C71D-4D61-9D60-B4D574A7FE86}.Release|x86.Build.0 = Release|Any CPU
		{14144DF8-E070-4B94-B16B-5D5F94B3EA53}.Debug|Any CPU.ActiveCfg = Debug|Any CPU
		{14144DF8-E070-4B94-B16B-5D5F94B3EA53}.Debug|Any CPU.Build.0 = Debug|Any CPU
		{14144DF8-E070-4B94-B16B-5D5F94B3EA53}.Debug|arm64.ActiveCfg = Debug|Any CPU
		{14144DF8-E070-4B94-B16B-5D5F94B3EA53}.Debug|arm64.Build.0 = Debug|Any CPU
		{14144DF8-E070-4B94-B16B-5D5F94B3EA53}.Debug|x86.ActiveCfg = Debug|Any CPU
		{14144DF8-E070-4B94-B16B-5D5F94B3EA53}.Debug|x86.Build.0 = Debug|Any CPU
		{14144DF8-E070-4B94-B16B-5D5F94B3EA53}.Release|Any CPU.ActiveCfg = Release|Any CPU
		{14144DF8-E070-4B94-B16B-5D5F94B3EA53}.Release|Any CPU.Build.0 = Release|Any CPU
		{14144DF8-E070-4B94-B16B-5D5F94B3EA53}.Release|arm64.ActiveCfg = Release|Any CPU
		{14144DF8-E070-4B94-B16B-5D5F94B3EA53}.Release|arm64.Build.0 = Release|Any CPU
		{14144DF8-E070-4B94-B16B-5D5F94B3EA53}.Release|x86.ActiveCfg = Release|Any CPU
		{14144DF8-E070-4B94-B16B-5D5F94B3EA53}.Release|x86.Build.0 = Release|Any CPU
		{D805CCFD-7CF0-4C9B-8DB6-6E5B0D9CBCE5}.Debug|Any CPU.ActiveCfg = Debug|Any CPU
		{D805CCFD-7CF0-4C9B-8DB6-6E5B0D9CBCE5}.Debug|Any CPU.Build.0 = Debug|Any CPU
		{D805CCFD-7CF0-4C9B-8DB6-6E5B0D9CBCE5}.Debug|arm64.ActiveCfg = Debug|Any CPU
		{D805CCFD-7CF0-4C9B-8DB6-6E5B0D9CBCE5}.Debug|arm64.Build.0 = Debug|Any CPU
		{D805CCFD-7CF0-4C9B-8DB6-6E5B0D9CBCE5}.Debug|x86.ActiveCfg = Debug|Any CPU
		{D805CCFD-7CF0-4C9B-8DB6-6E5B0D9CBCE5}.Debug|x86.Build.0 = Debug|Any CPU
		{D805CCFD-7CF0-4C9B-8DB6-6E5B0D9CBCE5}.Release|Any CPU.ActiveCfg = Release|Any CPU
		{D805CCFD-7CF0-4C9B-8DB6-6E5B0D9CBCE5}.Release|Any CPU.Build.0 = Release|Any CPU
		{D805CCFD-7CF0-4C9B-8DB6-6E5B0D9CBCE5}.Release|arm64.ActiveCfg = Release|Any CPU
		{D805CCFD-7CF0-4C9B-8DB6-6E5B0D9CBCE5}.Release|arm64.Build.0 = Release|Any CPU
		{D805CCFD-7CF0-4C9B-8DB6-6E5B0D9CBCE5}.Release|x86.ActiveCfg = Release|Any CPU
		{D805CCFD-7CF0-4C9B-8DB6-6E5B0D9CBCE5}.Release|x86.Build.0 = Release|Any CPU
		{1C6F37D1-2F47-49D6-A50D-A32026166102}.Debug|Any CPU.ActiveCfg = Debug|Any CPU
		{1C6F37D1-2F47-49D6-A50D-A32026166102}.Debug|Any CPU.Build.0 = Debug|Any CPU
		{1C6F37D1-2F47-49D6-A50D-A32026166102}.Debug|arm64.ActiveCfg = Debug|Any CPU
		{1C6F37D1-2F47-49D6-A50D-A32026166102}.Debug|arm64.Build.0 = Debug|Any CPU
		{1C6F37D1-2F47-49D6-A50D-A32026166102}.Debug|x86.ActiveCfg = Debug|Any CPU
		{1C6F37D1-2F47-49D6-A50D-A32026166102}.Debug|x86.Build.0 = Debug|Any CPU
		{1C6F37D1-2F47-49D6-A50D-A32026166102}.Release|Any CPU.ActiveCfg = Release|Any CPU
		{1C6F37D1-2F47-49D6-A50D-A32026166102}.Release|Any CPU.Build.0 = Release|Any CPU
		{1C6F37D1-2F47-49D6-A50D-A32026166102}.Release|arm64.ActiveCfg = Release|Any CPU
		{1C6F37D1-2F47-49D6-A50D-A32026166102}.Release|arm64.Build.0 = Release|Any CPU
		{1C6F37D1-2F47-49D6-A50D-A32026166102}.Release|x86.ActiveCfg = Release|Any CPU
		{1C6F37D1-2F47-49D6-A50D-A32026166102}.Release|x86.Build.0 = Release|Any CPU
		{B4AA303B-2E6D-4478-BBEA-04D258C55C70}.Debug|Any CPU.ActiveCfg = Debug|Any CPU
		{B4AA303B-2E6D-4478-BBEA-04D258C55C70}.Debug|Any CPU.Build.0 = Debug|Any CPU
		{B4AA303B-2E6D-4478-BBEA-04D258C55C70}.Debug|arm64.ActiveCfg = Debug|Any CPU
		{B4AA303B-2E6D-4478-BBEA-04D258C55C70}.Debug|arm64.Build.0 = Debug|Any CPU
		{B4AA303B-2E6D-4478-BBEA-04D258C55C70}.Debug|x86.ActiveCfg = Debug|Any CPU
		{B4AA303B-2E6D-4478-BBEA-04D258C55C70}.Debug|x86.Build.0 = Debug|Any CPU
		{B4AA303B-2E6D-4478-BBEA-04D258C55C70}.Release|Any CPU.ActiveCfg = Release|Any CPU
		{B4AA303B-2E6D-4478-BBEA-04D258C55C70}.Release|Any CPU.Build.0 = Release|Any CPU
		{B4AA303B-2E6D-4478-BBEA-04D258C55C70}.Release|arm64.ActiveCfg = Release|Any CPU
		{B4AA303B-2E6D-4478-BBEA-04D258C55C70}.Release|arm64.Build.0 = Release|Any CPU
		{B4AA303B-2E6D-4478-BBEA-04D258C55C70}.Release|x86.ActiveCfg = Release|Any CPU
		{B4AA303B-2E6D-4478-BBEA-04D258C55C70}.Release|x86.Build.0 = Release|Any CPU
		{617EA53E-916F-47C8-BEAF-7BB9D5EB2F5A}.Debug|Any CPU.ActiveCfg = Debug|Any CPU
		{617EA53E-916F-47C8-BEAF-7BB9D5EB2F5A}.Debug|Any CPU.Build.0 = Debug|Any CPU
		{617EA53E-916F-47C8-BEAF-7BB9D5EB2F5A}.Debug|arm64.ActiveCfg = Debug|Any CPU
		{617EA53E-916F-47C8-BEAF-7BB9D5EB2F5A}.Debug|arm64.Build.0 = Debug|Any CPU
		{617EA53E-916F-47C8-BEAF-7BB9D5EB2F5A}.Debug|x86.ActiveCfg = Debug|Any CPU
		{617EA53E-916F-47C8-BEAF-7BB9D5EB2F5A}.Debug|x86.Build.0 = Debug|Any CPU
		{617EA53E-916F-47C8-BEAF-7BB9D5EB2F5A}.Release|Any CPU.ActiveCfg = Release|Any CPU
		{617EA53E-916F-47C8-BEAF-7BB9D5EB2F5A}.Release|Any CPU.Build.0 = Release|Any CPU
		{617EA53E-916F-47C8-BEAF-7BB9D5EB2F5A}.Release|arm64.ActiveCfg = Release|Any CPU
		{617EA53E-916F-47C8-BEAF-7BB9D5EB2F5A}.Release|arm64.Build.0 = Release|Any CPU
		{617EA53E-916F-47C8-BEAF-7BB9D5EB2F5A}.Release|x86.ActiveCfg = Release|Any CPU
		{617EA53E-916F-47C8-BEAF-7BB9D5EB2F5A}.Release|x86.Build.0 = Release|Any CPU
		{B633DEE5-3355-4337-B3BF-D4403286C380}.Debug|Any CPU.ActiveCfg = Debug|Any CPU
		{B633DEE5-3355-4337-B3BF-D4403286C380}.Debug|Any CPU.Build.0 = Debug|Any CPU
		{B633DEE5-3355-4337-B3BF-D4403286C380}.Debug|arm64.ActiveCfg = Debug|Any CPU
		{B633DEE5-3355-4337-B3BF-D4403286C380}.Debug|arm64.Build.0 = Debug|Any CPU
		{B633DEE5-3355-4337-B3BF-D4403286C380}.Debug|x86.ActiveCfg = Debug|Any CPU
		{B633DEE5-3355-4337-B3BF-D4403286C380}.Debug|x86.Build.0 = Debug|Any CPU
		{B633DEE5-3355-4337-B3BF-D4403286C380}.Release|Any CPU.ActiveCfg = Release|Any CPU
		{B633DEE5-3355-4337-B3BF-D4403286C380}.Release|Any CPU.Build.0 = Release|Any CPU
		{B633DEE5-3355-4337-B3BF-D4403286C380}.Release|arm64.ActiveCfg = Release|Any CPU
		{B633DEE5-3355-4337-B3BF-D4403286C380}.Release|arm64.Build.0 = Release|Any CPU
		{B633DEE5-3355-4337-B3BF-D4403286C380}.Release|x86.ActiveCfg = Release|Any CPU
		{B633DEE5-3355-4337-B3BF-D4403286C380}.Release|x86.Build.0 = Release|Any CPU
		{CAE0FB98-4D8C-4EE3-B651-877127D9257E}.Debug|Any CPU.ActiveCfg = Debug|Any CPU
		{CAE0FB98-4D8C-4EE3-B651-877127D9257E}.Debug|Any CPU.Build.0 = Debug|Any CPU
		{CAE0FB98-4D8C-4EE3-B651-877127D9257E}.Debug|arm64.ActiveCfg = Debug|Any CPU
		{CAE0FB98-4D8C-4EE3-B651-877127D9257E}.Debug|arm64.Build.0 = Debug|Any CPU
		{CAE0FB98-4D8C-4EE3-B651-877127D9257E}.Debug|x86.ActiveCfg = Debug|Any CPU
		{CAE0FB98-4D8C-4EE3-B651-877127D9257E}.Debug|x86.Build.0 = Debug|Any CPU
		{CAE0FB98-4D8C-4EE3-B651-877127D9257E}.Release|Any CPU.ActiveCfg = Release|Any CPU
		{CAE0FB98-4D8C-4EE3-B651-877127D9257E}.Release|Any CPU.Build.0 = Release|Any CPU
		{CAE0FB98-4D8C-4EE3-B651-877127D9257E}.Release|arm64.ActiveCfg = Release|Any CPU
		{CAE0FB98-4D8C-4EE3-B651-877127D9257E}.Release|arm64.Build.0 = Release|Any CPU
		{CAE0FB98-4D8C-4EE3-B651-877127D9257E}.Release|x86.ActiveCfg = Release|Any CPU
		{CAE0FB98-4D8C-4EE3-B651-877127D9257E}.Release|x86.Build.0 = Release|Any CPU
		{4387C3FD-9DE0-4505-8D52-17C0B2369AA2}.Debug|Any CPU.ActiveCfg = Debug|Any CPU
		{4387C3FD-9DE0-4505-8D52-17C0B2369AA2}.Debug|Any CPU.Build.0 = Debug|Any CPU
		{4387C3FD-9DE0-4505-8D52-17C0B2369AA2}.Debug|arm64.ActiveCfg = Debug|Any CPU
		{4387C3FD-9DE0-4505-8D52-17C0B2369AA2}.Debug|arm64.Build.0 = Debug|Any CPU
		{4387C3FD-9DE0-4505-8D52-17C0B2369AA2}.Debug|x86.ActiveCfg = Debug|Any CPU
		{4387C3FD-9DE0-4505-8D52-17C0B2369AA2}.Debug|x86.Build.0 = Debug|Any CPU
		{4387C3FD-9DE0-4505-8D52-17C0B2369AA2}.Release|Any CPU.ActiveCfg = Release|Any CPU
		{4387C3FD-9DE0-4505-8D52-17C0B2369AA2}.Release|Any CPU.Build.0 = Release|Any CPU
		{4387C3FD-9DE0-4505-8D52-17C0B2369AA2}.Release|arm64.ActiveCfg = Release|Any CPU
		{4387C3FD-9DE0-4505-8D52-17C0B2369AA2}.Release|arm64.Build.0 = Release|Any CPU
		{4387C3FD-9DE0-4505-8D52-17C0B2369AA2}.Release|x86.ActiveCfg = Release|Any CPU
		{4387C3FD-9DE0-4505-8D52-17C0B2369AA2}.Release|x86.Build.0 = Release|Any CPU
		{B3CB2C38-A672-4BB1-8152-40BFBCE79966}.Debug|Any CPU.ActiveCfg = Debug|Any CPU
		{B3CB2C38-A672-4BB1-8152-40BFBCE79966}.Debug|Any CPU.Build.0 = Debug|Any CPU
		{B3CB2C38-A672-4BB1-8152-40BFBCE79966}.Debug|arm64.ActiveCfg = Debug|Any CPU
		{B3CB2C38-A672-4BB1-8152-40BFBCE79966}.Debug|arm64.Build.0 = Debug|Any CPU
		{B3CB2C38-A672-4BB1-8152-40BFBCE79966}.Debug|x86.ActiveCfg = Debug|Any CPU
		{B3CB2C38-A672-4BB1-8152-40BFBCE79966}.Debug|x86.Build.0 = Debug|Any CPU
		{B3CB2C38-A672-4BB1-8152-40BFBCE79966}.Release|Any CPU.ActiveCfg = Release|Any CPU
		{B3CB2C38-A672-4BB1-8152-40BFBCE79966}.Release|Any CPU.Build.0 = Release|Any CPU
		{B3CB2C38-A672-4BB1-8152-40BFBCE79966}.Release|arm64.ActiveCfg = Release|Any CPU
		{B3CB2C38-A672-4BB1-8152-40BFBCE79966}.Release|arm64.Build.0 = Release|Any CPU
		{B3CB2C38-A672-4BB1-8152-40BFBCE79966}.Release|x86.ActiveCfg = Release|Any CPU
		{B3CB2C38-A672-4BB1-8152-40BFBCE79966}.Release|x86.Build.0 = Release|Any CPU
		{74620061-A072-46CE-B8C5-4E310BC7BC90}.Debug|Any CPU.ActiveCfg = Debug|Any CPU
		{74620061-A072-46CE-B8C5-4E310BC7BC90}.Debug|Any CPU.Build.0 = Debug|Any CPU
		{74620061-A072-46CE-B8C5-4E310BC7BC90}.Debug|arm64.ActiveCfg = Debug|Any CPU
		{74620061-A072-46CE-B8C5-4E310BC7BC90}.Debug|arm64.Build.0 = Debug|Any CPU
		{74620061-A072-46CE-B8C5-4E310BC7BC90}.Debug|x86.ActiveCfg = Debug|Any CPU
		{74620061-A072-46CE-B8C5-4E310BC7BC90}.Debug|x86.Build.0 = Debug|Any CPU
		{74620061-A072-46CE-B8C5-4E310BC7BC90}.Release|Any CPU.ActiveCfg = Release|Any CPU
		{74620061-A072-46CE-B8C5-4E310BC7BC90}.Release|Any CPU.Build.0 = Release|Any CPU
		{74620061-A072-46CE-B8C5-4E310BC7BC90}.Release|arm64.ActiveCfg = Release|Any CPU
		{74620061-A072-46CE-B8C5-4E310BC7BC90}.Release|arm64.Build.0 = Release|Any CPU
		{74620061-A072-46CE-B8C5-4E310BC7BC90}.Release|x86.ActiveCfg = Release|Any CPU
		{74620061-A072-46CE-B8C5-4E310BC7BC90}.Release|x86.Build.0 = Release|Any CPU
		{F7496C60-3EEA-4D7E-911C-CF6FAA4A72CA}.Debug|Any CPU.ActiveCfg = Debug|Any CPU
		{F7496C60-3EEA-4D7E-911C-CF6FAA4A72CA}.Debug|Any CPU.Build.0 = Debug|Any CPU
		{F7496C60-3EEA-4D7E-911C-CF6FAA4A72CA}.Debug|arm64.ActiveCfg = Debug|Any CPU
		{F7496C60-3EEA-4D7E-911C-CF6FAA4A72CA}.Debug|arm64.Build.0 = Debug|Any CPU
		{F7496C60-3EEA-4D7E-911C-CF6FAA4A72CA}.Debug|x86.ActiveCfg = Debug|Any CPU
		{F7496C60-3EEA-4D7E-911C-CF6FAA4A72CA}.Debug|x86.Build.0 = Debug|Any CPU
		{F7496C60-3EEA-4D7E-911C-CF6FAA4A72CA}.Release|Any CPU.ActiveCfg = Release|Any CPU
		{F7496C60-3EEA-4D7E-911C-CF6FAA4A72CA}.Release|Any CPU.Build.0 = Release|Any CPU
		{F7496C60-3EEA-4D7E-911C-CF6FAA4A72CA}.Release|arm64.ActiveCfg = Release|Any CPU
		{F7496C60-3EEA-4D7E-911C-CF6FAA4A72CA}.Release|arm64.Build.0 = Release|Any CPU
		{F7496C60-3EEA-4D7E-911C-CF6FAA4A72CA}.Release|x86.ActiveCfg = Release|Any CPU
		{F7496C60-3EEA-4D7E-911C-CF6FAA4A72CA}.Release|x86.Build.0 = Release|Any CPU
		{FBC29272-478D-40A7-94E6-F1D0F40E4091}.Debug|Any CPU.ActiveCfg = Debug|Any CPU
		{FBC29272-478D-40A7-94E6-F1D0F40E4091}.Debug|Any CPU.Build.0 = Debug|Any CPU
		{FBC29272-478D-40A7-94E6-F1D0F40E4091}.Debug|arm64.ActiveCfg = Debug|Any CPU
		{FBC29272-478D-40A7-94E6-F1D0F40E4091}.Debug|arm64.Build.0 = Debug|Any CPU
		{FBC29272-478D-40A7-94E6-F1D0F40E4091}.Debug|x86.ActiveCfg = Debug|Any CPU
		{FBC29272-478D-40A7-94E6-F1D0F40E4091}.Debug|x86.Build.0 = Debug|Any CPU
		{FBC29272-478D-40A7-94E6-F1D0F40E4091}.Release|Any CPU.ActiveCfg = Release|Any CPU
		{FBC29272-478D-40A7-94E6-F1D0F40E4091}.Release|Any CPU.Build.0 = Release|Any CPU
		{FBC29272-478D-40A7-94E6-F1D0F40E4091}.Release|arm64.ActiveCfg = Release|Any CPU
		{FBC29272-478D-40A7-94E6-F1D0F40E4091}.Release|arm64.Build.0 = Release|Any CPU
		{FBC29272-478D-40A7-94E6-F1D0F40E4091}.Release|x86.ActiveCfg = Release|Any CPU
		{FBC29272-478D-40A7-94E6-F1D0F40E4091}.Release|x86.Build.0 = Release|Any CPU
		{C2E22E3B-4767-4C12-8D71-F464F883A16D}.Debug|Any CPU.ActiveCfg = Debug|Any CPU
		{C2E22E3B-4767-4C12-8D71-F464F883A16D}.Debug|Any CPU.Build.0 = Debug|Any CPU
		{C2E22E3B-4767-4C12-8D71-F464F883A16D}.Debug|arm64.ActiveCfg = Debug|Any CPU
		{C2E22E3B-4767-4C12-8D71-F464F883A16D}.Debug|arm64.Build.0 = Debug|Any CPU
		{C2E22E3B-4767-4C12-8D71-F464F883A16D}.Debug|x86.ActiveCfg = Debug|Any CPU
		{C2E22E3B-4767-4C12-8D71-F464F883A16D}.Debug|x86.Build.0 = Debug|Any CPU
		{C2E22E3B-4767-4C12-8D71-F464F883A16D}.Release|Any CPU.ActiveCfg = Release|Any CPU
		{C2E22E3B-4767-4C12-8D71-F464F883A16D}.Release|Any CPU.Build.0 = Release|Any CPU
		{C2E22E3B-4767-4C12-8D71-F464F883A16D}.Release|arm64.ActiveCfg = Release|Any CPU
		{C2E22E3B-4767-4C12-8D71-F464F883A16D}.Release|arm64.Build.0 = Release|Any CPU
		{C2E22E3B-4767-4C12-8D71-F464F883A16D}.Release|x86.ActiveCfg = Release|Any CPU
		{C2E22E3B-4767-4C12-8D71-F464F883A16D}.Release|x86.Build.0 = Release|Any CPU
		{8025C356-4032-4807-B247-BA683FCEA74B}.Debug|Any CPU.ActiveCfg = Debug|Any CPU
		{8025C356-4032-4807-B247-BA683FCEA74B}.Debug|Any CPU.Build.0 = Debug|Any CPU
		{8025C356-4032-4807-B247-BA683FCEA74B}.Debug|arm64.ActiveCfg = Debug|Any CPU
		{8025C356-4032-4807-B247-BA683FCEA74B}.Debug|arm64.Build.0 = Debug|Any CPU
		{8025C356-4032-4807-B247-BA683FCEA74B}.Debug|x86.ActiveCfg = Debug|Any CPU
		{8025C356-4032-4807-B247-BA683FCEA74B}.Debug|x86.Build.0 = Debug|Any CPU
		{8025C356-4032-4807-B247-BA683FCEA74B}.Release|Any CPU.ActiveCfg = Release|Any CPU
		{8025C356-4032-4807-B247-BA683FCEA74B}.Release|Any CPU.Build.0 = Release|Any CPU
		{8025C356-4032-4807-B247-BA683FCEA74B}.Release|arm64.ActiveCfg = Release|Any CPU
		{8025C356-4032-4807-B247-BA683FCEA74B}.Release|arm64.Build.0 = Release|Any CPU
		{8025C356-4032-4807-B247-BA683FCEA74B}.Release|x86.ActiveCfg = Release|Any CPU
		{8025C356-4032-4807-B247-BA683FCEA74B}.Release|x86.Build.0 = Release|Any CPU
		{15AC12B7-3081-4376-AA33-D4E6E29FCC0E}.Debug|Any CPU.ActiveCfg = Debug|Any CPU
		{15AC12B7-3081-4376-AA33-D4E6E29FCC0E}.Debug|Any CPU.Build.0 = Debug|Any CPU
		{15AC12B7-3081-4376-AA33-D4E6E29FCC0E}.Debug|arm64.ActiveCfg = Debug|Any CPU
		{15AC12B7-3081-4376-AA33-D4E6E29FCC0E}.Debug|arm64.Build.0 = Debug|Any CPU
		{15AC12B7-3081-4376-AA33-D4E6E29FCC0E}.Debug|x86.ActiveCfg = Debug|Any CPU
		{15AC12B7-3081-4376-AA33-D4E6E29FCC0E}.Debug|x86.Build.0 = Debug|Any CPU
		{15AC12B7-3081-4376-AA33-D4E6E29FCC0E}.Release|Any CPU.ActiveCfg = Release|Any CPU
		{15AC12B7-3081-4376-AA33-D4E6E29FCC0E}.Release|Any CPU.Build.0 = Release|Any CPU
		{15AC12B7-3081-4376-AA33-D4E6E29FCC0E}.Release|arm64.ActiveCfg = Release|Any CPU
		{15AC12B7-3081-4376-AA33-D4E6E29FCC0E}.Release|arm64.Build.0 = Release|Any CPU
		{15AC12B7-3081-4376-AA33-D4E6E29FCC0E}.Release|x86.ActiveCfg = Release|Any CPU
		{15AC12B7-3081-4376-AA33-D4E6E29FCC0E}.Release|x86.Build.0 = Release|Any CPU
		{F18B929B-13E1-427C-B14E-AC1B8303EC22}.Debug|Any CPU.ActiveCfg = Debug|Any CPU
		{F18B929B-13E1-427C-B14E-AC1B8303EC22}.Debug|Any CPU.Build.0 = Debug|Any CPU
		{F18B929B-13E1-427C-B14E-AC1B8303EC22}.Debug|arm64.ActiveCfg = Debug|Any CPU
		{F18B929B-13E1-427C-B14E-AC1B8303EC22}.Debug|arm64.Build.0 = Debug|Any CPU
		{F18B929B-13E1-427C-B14E-AC1B8303EC22}.Debug|x86.ActiveCfg = Debug|Any CPU
		{F18B929B-13E1-427C-B14E-AC1B8303EC22}.Debug|x86.Build.0 = Debug|Any CPU
		{F18B929B-13E1-427C-B14E-AC1B8303EC22}.Release|Any CPU.ActiveCfg = Release|Any CPU
		{F18B929B-13E1-427C-B14E-AC1B8303EC22}.Release|Any CPU.Build.0 = Release|Any CPU
		{F18B929B-13E1-427C-B14E-AC1B8303EC22}.Release|arm64.ActiveCfg = Release|Any CPU
		{F18B929B-13E1-427C-B14E-AC1B8303EC22}.Release|arm64.Build.0 = Release|Any CPU
		{F18B929B-13E1-427C-B14E-AC1B8303EC22}.Release|x86.ActiveCfg = Release|Any CPU
		{F18B929B-13E1-427C-B14E-AC1B8303EC22}.Release|x86.Build.0 = Release|Any CPU
		{7311FDB0-4004-470B-A361-F6724F6CA072}.Debug|Any CPU.ActiveCfg = Debug|Any CPU
		{7311FDB0-4004-470B-A361-F6724F6CA072}.Debug|Any CPU.Build.0 = Debug|Any CPU
		{7311FDB0-4004-470B-A361-F6724F6CA072}.Debug|arm64.ActiveCfg = Debug|Any CPU
		{7311FDB0-4004-470B-A361-F6724F6CA072}.Debug|arm64.Build.0 = Debug|Any CPU
		{7311FDB0-4004-470B-A361-F6724F6CA072}.Debug|x86.ActiveCfg = Debug|Any CPU
		{7311FDB0-4004-470B-A361-F6724F6CA072}.Debug|x86.Build.0 = Debug|Any CPU
		{7311FDB0-4004-470B-A361-F6724F6CA072}.Release|Any CPU.ActiveCfg = Release|Any CPU
		{7311FDB0-4004-470B-A361-F6724F6CA072}.Release|Any CPU.Build.0 = Release|Any CPU
		{7311FDB0-4004-470B-A361-F6724F6CA072}.Release|arm64.ActiveCfg = Release|Any CPU
		{7311FDB0-4004-470B-A361-F6724F6CA072}.Release|arm64.Build.0 = Release|Any CPU
		{7311FDB0-4004-470B-A361-F6724F6CA072}.Release|x86.ActiveCfg = Release|Any CPU
		{7311FDB0-4004-470B-A361-F6724F6CA072}.Release|x86.Build.0 = Release|Any CPU
		{26A53D3D-4911-4B42-BFEC-7C31A2144448}.Debug|Any CPU.ActiveCfg = Debug|Any CPU
		{26A53D3D-4911-4B42-BFEC-7C31A2144448}.Debug|Any CPU.Build.0 = Debug|Any CPU
		{26A53D3D-4911-4B42-BFEC-7C31A2144448}.Debug|arm64.ActiveCfg = Debug|Any CPU
		{26A53D3D-4911-4B42-BFEC-7C31A2144448}.Debug|arm64.Build.0 = Debug|Any CPU
		{26A53D3D-4911-4B42-BFEC-7C31A2144448}.Debug|x86.ActiveCfg = Debug|Any CPU
		{26A53D3D-4911-4B42-BFEC-7C31A2144448}.Debug|x86.Build.0 = Debug|Any CPU
		{26A53D3D-4911-4B42-BFEC-7C31A2144448}.Release|Any CPU.ActiveCfg = Release|Any CPU
		{26A53D3D-4911-4B42-BFEC-7C31A2144448}.Release|Any CPU.Build.0 = Release|Any CPU
		{26A53D3D-4911-4B42-BFEC-7C31A2144448}.Release|arm64.ActiveCfg = Release|Any CPU
		{26A53D3D-4911-4B42-BFEC-7C31A2144448}.Release|arm64.Build.0 = Release|Any CPU
		{26A53D3D-4911-4B42-BFEC-7C31A2144448}.Release|x86.ActiveCfg = Release|Any CPU
		{26A53D3D-4911-4B42-BFEC-7C31A2144448}.Release|x86.Build.0 = Release|Any CPU
		{4FE1290B-D883-4434-88D5-9636A9A5C4D6}.Debug|Any CPU.ActiveCfg = Debug|Any CPU
		{4FE1290B-D883-4434-88D5-9636A9A5C4D6}.Debug|Any CPU.Build.0 = Debug|Any CPU
		{4FE1290B-D883-4434-88D5-9636A9A5C4D6}.Debug|arm64.ActiveCfg = Debug|Any CPU
		{4FE1290B-D883-4434-88D5-9636A9A5C4D6}.Debug|arm64.Build.0 = Debug|Any CPU
		{4FE1290B-D883-4434-88D5-9636A9A5C4D6}.Debug|x86.ActiveCfg = Debug|Any CPU
		{4FE1290B-D883-4434-88D5-9636A9A5C4D6}.Debug|x86.Build.0 = Debug|Any CPU
		{4FE1290B-D883-4434-88D5-9636A9A5C4D6}.Release|Any CPU.ActiveCfg = Release|Any CPU
		{4FE1290B-D883-4434-88D5-9636A9A5C4D6}.Release|Any CPU.Build.0 = Release|Any CPU
		{4FE1290B-D883-4434-88D5-9636A9A5C4D6}.Release|arm64.ActiveCfg = Release|Any CPU
		{4FE1290B-D883-4434-88D5-9636A9A5C4D6}.Release|arm64.Build.0 = Release|Any CPU
		{4FE1290B-D883-4434-88D5-9636A9A5C4D6}.Release|x86.ActiveCfg = Release|Any CPU
		{4FE1290B-D883-4434-88D5-9636A9A5C4D6}.Release|x86.Build.0 = Release|Any CPU
	EndGlobalSection
	GlobalSection(SolutionProperties) = preSolution
		HideSolutionNode = FALSE
	EndGlobalSection
	GlobalSection(NestedProjects) = preSolution
		{936F3696-7420-427C-8468-D98BD665F826} = {6C51248E-B266-416C-AAE8-451B9A1D3A09}
		{A9360F4E-71CA-4AF2-BF3C-CD01AEDDCC0E} = {6C51248E-B266-416C-AAE8-451B9A1D3A09}
		{D8DBA8D6-5816-4397-986F-7CFDA4E34379} = {6C51248E-B266-416C-AAE8-451B9A1D3A09}
		{83CA90C9-822B-4814-ACA5-37AC641034D1} = {936F3696-7420-427C-8468-D98BD665F826}
		{87C1EAA3-AF62-4F2E-B0E8-275345A1FFAB} = {0FD81355-77C9-463B-AC9F-A724FF81993D}
		{12D04F3C-CF32-4154-9C9B-92078EA9C146} = {0FD81355-77C9-463B-AC9F-A724FF81993D}
		{DCFAF1D3-AE2A-4501-81C6-E877A80BDE16} = {D8DBA8D6-5816-4397-986F-7CFDA4E34379}
		{90C9DBC7-B891-4AEB-B14D-E8B09F07134E} = {DCFAF1D3-AE2A-4501-81C6-E877A80BDE16}
		{5D89E6E2-D399-4DD1-A8FF-CA24C057C320} = {DCFAF1D3-AE2A-4501-81C6-E877A80BDE16}
		{786F3AD0-42D5-46E3-92DD-0C0369461D64} = {DCFAF1D3-AE2A-4501-81C6-E877A80BDE16}
		{918C720A-4A81-43FC-9C63-1731C3ABABBF} = {DCFAF1D3-AE2A-4501-81C6-E877A80BDE16}
		{F4111513-0825-4EFE-AD38-4656FD0E29D8} = {DCFAF1D3-AE2A-4501-81C6-E877A80BDE16}
		{7138AC3C-5A0B-4133-8BE9-1CB1AB6643DE} = {D8DBA8D6-5816-4397-986F-7CFDA4E34379}
		{1B0B9A4D-A841-419B-A522-894C4D1818A4} = {D8DBA8D6-5816-4397-986F-7CFDA4E34379}
		{881F72A4-D899-4CCF-B025-E4AC844BB025} = {D8DBA8D6-5816-4397-986F-7CFDA4E34379}
		{B1B3FD0D-29AC-4713-A8EE-4954DC348456} = {D8DBA8D6-5816-4397-986F-7CFDA4E34379}
		{9F4777EE-D82E-469F-B00D-03BC908511D7} = {D8DBA8D6-5816-4397-986F-7CFDA4E34379}
		{DECBAA01-6FF8-48F4-AEA4-A174C879753E} = {D8DBA8D6-5816-4397-986F-7CFDA4E34379}
		{273F2FC1-0FFC-420C-8960-4D26BAA0B9A5} = {D8DBA8D6-5816-4397-986F-7CFDA4E34379}
		{12309A1D-1CB2-44F4-BBF8-6439DAA1723E} = {D8DBA8D6-5816-4397-986F-7CFDA4E34379}
		{A6EC3D2C-69D6-457B-B4F7-0FA1FB7E9675} = {D8DBA8D6-5816-4397-986F-7CFDA4E34379}
		{884B4DB8-CDBE-4B40-86B4-3FE6CBC243DD} = {7138AC3C-5A0B-4133-8BE9-1CB1AB6643DE}
		{7E663B16-EB45-4407-BE0D-53C6508895E2} = {7138AC3C-5A0B-4133-8BE9-1CB1AB6643DE}
		{EF87A4C7-14A8-4051-98DD-F216012EA0DE} = {7138AC3C-5A0B-4133-8BE9-1CB1AB6643DE}
		{9ADCA9AD-6BFA-4AF9-A0FD-E11B7AFEBA5F} = {7138AC3C-5A0B-4133-8BE9-1CB1AB6643DE}
		{AC3648F2-2A13-4637-ADF8-13BE6A1AB4CA} = {7138AC3C-5A0B-4133-8BE9-1CB1AB6643DE}
		{8CDAA021-0B65-47DA-B5CE-0873265839AD} = {7138AC3C-5A0B-4133-8BE9-1CB1AB6643DE}
		{FAE86B7A-4F5D-418D-8358-9ED9D20D1164} = {881F72A4-D899-4CCF-B025-E4AC844BB025}
		{D47CDBE8-254D-463F-AA92-C05B4AC0CA3F} = {881F72A4-D899-4CCF-B025-E4AC844BB025}
		{CFE50CCE-5790-4970-AF0B-67FDABABC487} = {881F72A4-D899-4CCF-B025-E4AC844BB025}
		{2453856C-BE93-42C0-BC61-297402DE757B} = {881F72A4-D899-4CCF-B025-E4AC844BB025}
		{3C5187E3-75A4-4946-A694-69025ED98AB8} = {881F72A4-D899-4CCF-B025-E4AC844BB025}
		{ED23F082-B3EA-4423-85F9-9C3B87CEE051} = {881F72A4-D899-4CCF-B025-E4AC844BB025}
		{743D93EF-EAA3-4993-B847-16DD5B7755A6} = {273F2FC1-0FFC-420C-8960-4D26BAA0B9A5}
		{2032EE29-645D-4BB8-A20F-88FF0FDD317E} = {273F2FC1-0FFC-420C-8960-4D26BAA0B9A5}
		{37D1E6B4-ACB0-4183-91E6-60A700F42545} = {273F2FC1-0FFC-420C-8960-4D26BAA0B9A5}
		{9F605070-CE45-48B0-99E2-49F7CD556831} = {273F2FC1-0FFC-420C-8960-4D26BAA0B9A5}
		{672B458B-1731-42A9-B37E-E8AEEE3D4B06} = {273F2FC1-0FFC-420C-8960-4D26BAA0B9A5}
		{670269A2-CC81-47F9-AB2F-0AD72F973AC1} = {273F2FC1-0FFC-420C-8960-4D26BAA0B9A5}
		{06D15B6E-F6A4-4144-B66F-668E1FBD80A2} = {DECBAA01-6FF8-48F4-AEA4-A174C879753E}
		{6336EDCC-73AC-4367-B495-E9A32084D4DB} = {DECBAA01-6FF8-48F4-AEA4-A174C879753E}
		{78179104-3A1D-4A1C-AF90-A3F4457A5FD5} = {DECBAA01-6FF8-48F4-AEA4-A174C879753E}
		{D816E695-0B7C-4803-8974-338AD17475F7} = {DECBAA01-6FF8-48F4-AEA4-A174C879753E}
		{AA2E1A71-B362-4949-AB27-E82A3328B780} = {DECBAA01-6FF8-48F4-AEA4-A174C879753E}
		{5A601092-55CD-4B15-880B-1DD8BAD74BAA} = {DECBAA01-6FF8-48F4-AEA4-A174C879753E}
		{285AC2DF-EDC3-4593-B961-45FE5095567E} = {9F4777EE-D82E-469F-B00D-03BC908511D7}
		{B0B8F6D7-9DE8-4731-BBEE-97EBB912A7B7} = {9F4777EE-D82E-469F-B00D-03BC908511D7}
		{8146C08C-3402-47FE-B68B-EA37E5884340} = {9F4777EE-D82E-469F-B00D-03BC908511D7}
		{999DD2F0-0D35-4CFD-A645-CC9D4FC00087} = {9F4777EE-D82E-469F-B00D-03BC908511D7}
		{CB60AC40-B9B7-44E0-9C0C-8C63205AC700} = {9F4777EE-D82E-469F-B00D-03BC908511D7}
		{47A75153-340E-4373-AB65-B3B08B440A85} = {9F4777EE-D82E-469F-B00D-03BC908511D7}
		{5068DD59-7B36-41E6-9EA2-538239325772} = {12309A1D-1CB2-44F4-BBF8-6439DAA1723E}
		{142BDAC2-998A-4BE0-A4CD-2EC76636CE47} = {12309A1D-1CB2-44F4-BBF8-6439DAA1723E}
		{34603DD8-3B4C-46A3-A394-43F86F5E817B} = {12309A1D-1CB2-44F4-BBF8-6439DAA1723E}
		{44DF4FE1-72C7-4ABF-9633-E4E4A4EEFFE4} = {12309A1D-1CB2-44F4-BBF8-6439DAA1723E}
		{5EF68244-C71D-4D61-9D60-B4D574A7FE86} = {12309A1D-1CB2-44F4-BBF8-6439DAA1723E}
		{14144DF8-E070-4B94-B16B-5D5F94B3EA53} = {12309A1D-1CB2-44F4-BBF8-6439DAA1723E}
		{D805CCFD-7CF0-4C9B-8DB6-6E5B0D9CBCE5} = {1B0B9A4D-A841-419B-A522-894C4D1818A4}
		{1C6F37D1-2F47-49D6-A50D-A32026166102} = {1B0B9A4D-A841-419B-A522-894C4D1818A4}
		{B4AA303B-2E6D-4478-BBEA-04D258C55C70} = {1B0B9A4D-A841-419B-A522-894C4D1818A4}
		{617EA53E-916F-47C8-BEAF-7BB9D5EB2F5A} = {1B0B9A4D-A841-419B-A522-894C4D1818A4}
		{B633DEE5-3355-4337-B3BF-D4403286C380} = {1B0B9A4D-A841-419B-A522-894C4D1818A4}
		{CAE0FB98-4D8C-4EE3-B651-877127D9257E} = {1B0B9A4D-A841-419B-A522-894C4D1818A4}
		{4387C3FD-9DE0-4505-8D52-17C0B2369AA2} = {B1B3FD0D-29AC-4713-A8EE-4954DC348456}
		{B3CB2C38-A672-4BB1-8152-40BFBCE79966} = {B1B3FD0D-29AC-4713-A8EE-4954DC348456}
		{74620061-A072-46CE-B8C5-4E310BC7BC90} = {B1B3FD0D-29AC-4713-A8EE-4954DC348456}
		{F7496C60-3EEA-4D7E-911C-CF6FAA4A72CA} = {B1B3FD0D-29AC-4713-A8EE-4954DC348456}
		{FBC29272-478D-40A7-94E6-F1D0F40E4091} = {B1B3FD0D-29AC-4713-A8EE-4954DC348456}
		{C2E22E3B-4767-4C12-8D71-F464F883A16D} = {B1B3FD0D-29AC-4713-A8EE-4954DC348456}
		{8025C356-4032-4807-B247-BA683FCEA74B} = {A6EC3D2C-69D6-457B-B4F7-0FA1FB7E9675}
		{15AC12B7-3081-4376-AA33-D4E6E29FCC0E} = {A6EC3D2C-69D6-457B-B4F7-0FA1FB7E9675}
		{F18B929B-13E1-427C-B14E-AC1B8303EC22} = {A6EC3D2C-69D6-457B-B4F7-0FA1FB7E9675}
		{7311FDB0-4004-470B-A361-F6724F6CA072} = {A6EC3D2C-69D6-457B-B4F7-0FA1FB7E9675}
		{26A53D3D-4911-4B42-BFEC-7C31A2144448} = {A6EC3D2C-69D6-457B-B4F7-0FA1FB7E9675}
		{4FE1290B-D883-4434-88D5-9636A9A5C4D6} = {A6EC3D2C-69D6-457B-B4F7-0FA1FB7E9675}
		{8D79CD82-1A0B-4B87-962E-453D96436C22} = {A9360F4E-71CA-4AF2-BF3C-CD01AEDDCC0E}
		{D9BC7BC4-F3D2-41E6-B0D0-AFCD5A0E8543} = {A9360F4E-71CA-4AF2-BF3C-CD01AEDDCC0E}
	EndGlobalSection
	GlobalSection(ExtensibilityGlobals) = postSolution
		SolutionGuid = {2729A3C8-CA91-4AD7-9988-C5AAAC81FA51}
	EndGlobalSection
EndGlobal
